// !$*UTF8*$!
{
	archiveVersion = 1;
	classes = {
	};
	objectVersion = 46;
	objects = {

/* Begin PBXBuildFile section */
		49324C749A49C0F4FB711A5D /* libPods.a in Frameworks */ = {isa = PBXBuildFile; fileRef = 65563319915893A686117F67 /* libPods.a */; };
		710028D1F762C6FE738F0D7A /* libPods.a in Frameworks */ = {isa = PBXBuildFile; fileRef = 65563319915893A686117F67 /* libPods.a */; };
		EF01716B1ADD936C00AFCBA4 /* ShareViewController.m in Sources */ = {isa = PBXBuildFile; fileRef = EF01716A1ADD936C00AFCBA4 /* ShareViewController.m */; };
		EF01716E1ADD93B500AFCBA4 /* SocialViewController.m in Sources */ = {isa = PBXBuildFile; fileRef = EF01716D1ADD93B500AFCBA4 /* SocialViewController.m */; };
		EF0171711ADF07BB00AFCBA4 /* KPost.m in Sources */ = {isa = PBXBuildFile; fileRef = EF0171701ADF07BB00AFCBA4 /* KPost.m */; };
		EF0171741ADF07D100AFCBA4 /* KAttachment.m in Sources */ = {isa = PBXBuildFile; fileRef = EF0171731ADF07D100AFCBA4 /* KAttachment.m */; };
		EF01717A1ADF083700AFCBA4 /* KPost+Serialize.m in Sources */ = {isa = PBXBuildFile; fileRef = EF0171791ADF083700AFCBA4 /* KPost+Serialize.m */; };
		EF0F4DBE1AB8D3BA00BB2AFC /* PushManager.m in Sources */ = {isa = PBXBuildFile; fileRef = EF0F4DBD1AB8D3BA00BB2AFC /* PushManager.m */; };
		EF0F4DC41ABA19DE00BB2AFC /* HomeViewController.m in Sources */ = {isa = PBXBuildFile; fileRef = EF0F4DC31ABA19DE00BB2AFC /* HomeViewController.m */; };
		EF2CDEAE1AB48C3F001E2F20 /* KUser+Serialize.m in Sources */ = {isa = PBXBuildFile; fileRef = EF2CDEAD1AB48C3F001E2F20 /* KUser+Serialize.m */; };
		EF2CDEB11AB48CB6001E2F20 /* KMessage+Serialize.m in Sources */ = {isa = PBXBuildFile; fileRef = EF2CDEB01AB48CB6001E2F20 /* KMessage+Serialize.m */; };
		EF2CDEB81AB49A6F001E2F20 /* IdentityKey+Serialize.m in Sources */ = {isa = PBXBuildFile; fileRef = EF2CDEB71AB49A6F001E2F20 /* IdentityKey+Serialize.m */; };
		EF2CDEBD1AB4A78E001E2F20 /* IdentityKeyTests.m in Sources */ = {isa = PBXBuildFile; fileRef = EF2CDEBC1AB4A78E001E2F20 /* IdentityKeyTests.m */; };
		EF3D09E31AE036EB0044E9F6 /* InboxViewController.m in Sources */ = {isa = PBXBuildFile; fileRef = EF3D09E21AE036EB0044E9F6 /* InboxViewController.m */; };
		EF4920951AD6F82A00A9FE89 /* UIDevice+Messages.m in Sources */ = {isa = PBXBuildFile; fileRef = EF4920941AD6F82A00A9FE89 /* UIDevice+Messages.m */; };
		EF4920981AD6F89000A9FE89 /* UIView+Messages.m in Sources */ = {isa = PBXBuildFile; fileRef = EF4920971AD6F89000A9FE89 /* UIView+Messages.m */; };
		EF4920A11AD761F700A9FE89 /* UIImage+Messages.m in Sources */ = {isa = PBXBuildFile; fileRef = EF4920A01AD761F700A9FE89 /* UIImage+Messages.m */; };
		EF4920A41AD762A400A9FE89 /* NSBundle+Messages.m in Sources */ = {isa = PBXBuildFile; fileRef = EF4920A31AD762A400A9FE89 /* NSBundle+Messages.m */; };
		EF4920AB1AD7A28D00A9FE89 /* UIColor+Messages.m in Sources */ = {isa = PBXBuildFile; fileRef = EF4920AA1AD7A28D00A9FE89 /* UIColor+Messages.m */; };
		EF524ADC1AAE238600F3B9AF /* KStorageManager.m in Sources */ = {isa = PBXBuildFile; fileRef = EF524AD51AAE238600F3B9AF /* KStorageManager.m */; };
		EF524AE51AAE239800F3B9AF /* NSData+keyVersionByte.m in Sources */ = {isa = PBXBuildFile; fileRef = EF524AE21AAE239800F3B9AF /* NSData+keyVersionByte.m */; };
		EF524AE61AAE239800F3B9AF /* Util.m in Sources */ = {isa = PBXBuildFile; fileRef = EF524AE41AAE239800F3B9AF /* Util.m */; };
		EF524AE91AAE247800F3B9AF /* NSData+Base64.m in Sources */ = {isa = PBXBuildFile; fileRef = EF524AE81AAE247800F3B9AF /* NSData+Base64.m */; };
		EF524AEC1AAE24B400F3B9AF /* NSString+Base64.m in Sources */ = {isa = PBXBuildFile; fileRef = EF524AEB1AAE24B400F3B9AF /* NSString+Base64.m */; };
		EF524AF51AAE2BAC00F3B9AF /* FreeKey.m in Sources */ = {isa = PBXBuildFile; fileRef = EF524AF41AAE2BAC00F3B9AF /* FreeKey.m */; };
		EF524B031AAF330A00F3B9AF /* CryptoTests.m in Sources */ = {isa = PBXBuildFile; fileRef = EF524AFE1AAF330A00F3B9AF /* CryptoTests.m */; };
		EF524B041AAF330A00F3B9AF /* EncryptedMessageTests.m in Sources */ = {isa = PBXBuildFile; fileRef = EF524AFF1AAF330A00F3B9AF /* EncryptedMessageTests.m */; };
		EF524B051AAF330A00F3B9AF /* FreeKeyTests.m in Sources */ = {isa = PBXBuildFile; fileRef = EF524B001AAF330A00F3B9AF /* FreeKeyTests.m */; };
		EF524B061AAF330A00F3B9AF /* PreKeyTests.m in Sources */ = {isa = PBXBuildFile; fileRef = EF524B011AAF330A00F3B9AF /* PreKeyTests.m */; };
		EF524B071AAF330A00F3B9AF /* SessionTests.m in Sources */ = {isa = PBXBuildFile; fileRef = EF524B021AAF330A00F3B9AF /* SessionTests.m */; };
		EF524B0A1AB0DE4300F3B9AF /* HttpManager.m in Sources */ = {isa = PBXBuildFile; fileRef = EF524B091AB0DE4300F3B9AF /* HttpManager.m */; };
		EF524B0F1AB31FDF00F3B9AF /* KUserTests.m in Sources */ = {isa = PBXBuildFile; fileRef = EF524B0E1AB31FDF00F3B9AF /* KUserTests.m */; };
		EF6B44A81ABA2F8A00B88323 /* ContactViewController.m in Sources */ = {isa = PBXBuildFile; fileRef = EF6B44A71ABA2F8A00B88323 /* ContactViewController.m */; };
		EF6B44AB1ABA399D00B88323 /* ThreadViewController.m in Sources */ = {isa = PBXBuildFile; fileRef = EF6B44AA1ABA399D00B88323 /* ThreadViewController.m */; };
		EF6B44AD1ABA5DDB00B88323 /* KThreadTests.m in Sources */ = {isa = PBXBuildFile; fileRef = EF6B44AC1ABA5DDB00B88323 /* KThreadTests.m */; };
		EF6B44B21ABA877F00B88323 /* KThread+Serialize.m in Sources */ = {isa = PBXBuildFile; fileRef = EF6B44B11ABA877F00B88323 /* KThread+Serialize.m */; };
		EF6B44B81ABC943C00B88323 /* FreeKeyNetworkManager.m in Sources */ = {isa = PBXBuildFile; fileRef = EF6B44B71ABC943C00B88323 /* FreeKeyNetworkManager.m */; };
		EF6B44BB1ABC944B00B88323 /* FreeKeySessionManager.m in Sources */ = {isa = PBXBuildFile; fileRef = EF6B44BA1ABC944B00B88323 /* FreeKeySessionManager.m */; };
		EF6B44BD1ABC997D00B88323 /* FreeKeySessionManagerTests.m in Sources */ = {isa = PBXBuildFile; fileRef = EF6B44BC1ABC997D00B88323 /* FreeKeySessionManagerTests.m */; };
		EF6B44BF1ABC998B00B88323 /* FreeKeyPushManagerTests.m in Sources */ = {isa = PBXBuildFile; fileRef = EF6B44BE1ABC998B00B88323 /* FreeKeyPushManagerTests.m */; };
		EF6B44C21ABCDD3600B88323 /* FreeKeyTestExample.m in Sources */ = {isa = PBXBuildFile; fileRef = EF6B44C11ABCDD3600B88323 /* FreeKeyTestExample.m */; };
		EF6B44C41ABDAE1D00B88323 /* HttpManagerTests.m in Sources */ = {isa = PBXBuildFile; fileRef = EF6B44C31ABDAE1D00B88323 /* HttpManagerTests.m */; };
		EF78AA561B33622300A4627F /* HomeNavigationViewController.m in Sources */ = {isa = PBXBuildFile; fileRef = EF78AA551B33622300A4627F /* HomeNavigationViewController.m */; };
		EF8358241AE02AD800B631AB /* InboxView.xib in Resources */ = {isa = PBXBuildFile; fileRef = EF8358231AE02AD800B631AB /* InboxView.xib */; };
		EF8358261AE02AED00B631AB /* ShareView.xib in Resources */ = {isa = PBXBuildFile; fileRef = EF8358251AE02AED00B631AB /* ShareView.xib */; };
		EF8358281AE02B0F00B631AB /* SocialView.xib in Resources */ = {isa = PBXBuildFile; fileRef = EF8358271AE02B0F00B631AB /* SocialView.xib */; };
		EF973FA51A7E8F5200D92A9E /* KAccountManager.m in Sources */ = {isa = PBXBuildFile; fileRef = EF973FA41A7E8F5200D92A9E /* KAccountManager.m */; };
		EF99E2701AC612EC002583E2 /* GetKeyExchangeRequest.m in Sources */ = {isa = PBXBuildFile; fileRef = EF99E26F1AC612EC002583E2 /* GetKeyExchangeRequest.m */; };
		EF99E2771AC72F71002583E2 /* FreeKeyResponseHandler.m in Sources */ = {isa = PBXBuildFile; fileRef = EF99E2761AC72F71002583E2 /* FreeKeyResponseHandler.m */; };
		EF99E27F1ACB2BB9002583E2 /* SendPushTokenRequest.m in Sources */ = {isa = PBXBuildFile; fileRef = EF99E27E1ACB2BB9002583E2 /* SendPushTokenRequest.m */; };
		EF9A74511B54A735009689A7 /* ThreadHeader.m in Sources */ = {isa = PBXBuildFile; fileRef = EF9A74501B54A735009689A7 /* ThreadHeader.m */; };
		EFABC0281B39BEA50062B807 /* MediaView.xib in Resources */ = {isa = PBXBuildFile; fileRef = EFABC0271B39BEA50062B807 /* MediaView.xib */; };
		EFABC0311B39EA6B0062B807 /* CameraViewController.m in Sources */ = {isa = PBXBuildFile; fileRef = EFABC0301B39EA6B0062B807 /* CameraViewController.m */; };
		EFAC97D11B2E171600B4FD0F /* KOutgoingObject.m in Sources */ = {isa = PBXBuildFile; fileRef = EFAC97D01B2E171600B4FD0F /* KOutgoingObject.m */; };
		EFB225EF1B48853800D7E44B /* SelectRecipientViewController.h in Sources */ = {isa = PBXBuildFile; fileRef = EFE5667A1AF1883E00FB1142 /* SelectRecipientViewController.h */; };
		EFB225F21B48C4EF00D7E44B /* MediaViewController.m in Sources */ = {isa = PBXBuildFile; fileRef = EFB225F11B48C4EF00D7E44B /* MediaViewController.m */; };
		EFB225F51B4984F200D7E44B /* KPhoto+Serialize.m in Sources */ = {isa = PBXBuildFile; fileRef = EFB225F41B4984F200D7E44B /* KPhoto+Serialize.m */; };
		EFB225F81B49851000D7E44B /* KLocation+Serialize.m in Sources */ = {isa = PBXBuildFile; fileRef = EFB225F71B49851000D7E44B /* KLocation+Serialize.m */; };
		EFB225FB1B4ACC3100D7E44B /* KDatabaseObject.m in Sources */ = {isa = PBXBuildFile; fileRef = EFB225FA1B4ACC3100D7E44B /* KDatabaseObject.m */; };
		EFB226001B4AD20A00D7E44B /* KStorageManagerTests.m in Sources */ = {isa = PBXBuildFile; fileRef = EFB225FF1B4AD20A00D7E44B /* KStorageManagerTests.m */; };
		EFB226031B4CCC5500D7E44B /* KDatabaseObjectTests.m in Sources */ = {isa = PBXBuildFile; fileRef = EFB226021B4CCC5500D7E44B /* KDatabaseObjectTests.m */; };
		EFB226061B4D6BD700D7E44B /* NSObject+Properties.m in Sources */ = {isa = PBXBuildFile; fileRef = EFB226051B4D6BD700D7E44B /* NSObject+Properties.m */; };
		EFB226091B4D6E2E00D7E44B /* NSString+PropertyKVC.m in Sources */ = {isa = PBXBuildFile; fileRef = EFB226081B4D6E2E00D7E44B /* NSString+PropertyKVC.m */; };
		EFB2260C1B4F125B00D7E44B /* KStorageSchema.m in Sources */ = {isa = PBXBuildFile; fileRef = EFB2260B1B4F125B00D7E44B /* KStorageSchema.m */; };
		EFB4A2A71B5211580042F3DF /* ThreadView.xib in Resources */ = {isa = PBXBuildFile; fileRef = EFB4A2A61B5211580042F3DF /* ThreadView.xib */; };
		EFB722711B41A25700E6DF7A /* EditMediaViewController.m in Sources */ = {isa = PBXBuildFile; fileRef = EFB722701B41A25700E6DF7A /* EditMediaViewController.m */; };
		EFB722731B42360300E6DF7A /* EditMediaView.xib in Resources */ = {isa = PBXBuildFile; fileRef = EFB722721B42360300E6DF7A /* EditMediaView.xib */; };
		EFB722751B423DB000E6DF7A /* EditLocationView.xib in Resources */ = {isa = PBXBuildFile; fileRef = EFB722741B423DB000E6DF7A /* EditLocationView.xib */; };
		EFB722781B4240B200E6DF7A /* EditLocationViewController.m in Sources */ = {isa = PBXBuildFile; fileRef = EFB722771B4240B200E6DF7A /* EditLocationViewController.m */; };
		EFB7227B1B432BFE00E6DF7A /* EditPostViewController.m in Sources */ = {isa = PBXBuildFile; fileRef = EFB7227A1B432BFE00E6DF7A /* EditPostViewController.m */; };
		EFB7227D1B432C3300E6DF7A /* EditPostView.xib in Resources */ = {isa = PBXBuildFile; fileRef = EFB7227C1B432C3300E6DF7A /* EditPostView.xib */; };
		EFB7227F1B44324E00E6DF7A /* SelectRecipientsView.xib in Resources */ = {isa = PBXBuildFile; fileRef = EFB7227E1B44324E00E6DF7A /* SelectRecipientsView.xib */; };
		EFB722821B45E53800E6DF7A /* KPhoto.m in Sources */ = {isa = PBXBuildFile; fileRef = EFB722811B45E53800E6DF7A /* KPhoto.m */; };
		EFB722851B45E57700E6DF7A /* KLocation.m in Sources */ = {isa = PBXBuildFile; fileRef = EFB722841B45E57700E6DF7A /* KLocation.m */; };
		EFC1819A1AC3412800BE8B0B /* HttpRequest.m in Sources */ = {isa = PBXBuildFile; fileRef = EFC181991AC3412800BE8B0B /* HttpRequest.m */; };
		EFC1819E1AC3534F00BE8B0B /* RegisterUsernameRequest.m in Sources */ = {isa = PBXBuildFile; fileRef = EFC1819D1AC3534F00BE8B0B /* RegisterUsernameRequest.m */; };
		EFC181A11AC3715B00BE8B0B /* UpdateUserRequest.m in Sources */ = {isa = PBXBuildFile; fileRef = EFC181A01AC3715B00BE8B0B /* UpdateUserRequest.m */; };
		EFC181A41AC3717400BE8B0B /* SendMessageRequest.m in Sources */ = {isa = PBXBuildFile; fileRef = EFC181A31AC3717400BE8B0B /* SendMessageRequest.m */; };
		EFC181A71AC3719800BE8B0B /* GetMessagesRequest.m in Sources */ = {isa = PBXBuildFile; fileRef = EFC181A61AC3719800BE8B0B /* GetMessagesRequest.m */; };
		EFC181AA1AC371C300BE8B0B /* SendPreKeysRequest.m in Sources */ = {isa = PBXBuildFile; fileRef = EFC181A91AC371C300BE8B0B /* SendPreKeysRequest.m */; };
		EFC181AD1AC372F500BE8B0B /* GetUserRequest.m in Sources */ = {isa = PBXBuildFile; fileRef = EFC181AC1AC372F500BE8B0B /* GetUserRequest.m */; };
		EFC181B01AC3739800BE8B0B /* SendPreKeyExchangeRequest.m in Sources */ = {isa = PBXBuildFile; fileRef = EFC181AF1AC3739800BE8B0B /* SendPreKeyExchangeRequest.m */; };
		EFC6BEA31A6857D400B0EB8F /* main.m in Sources */ = {isa = PBXBuildFile; fileRef = EFC6BEA21A6857D400B0EB8F /* main.m */; };
		EFC6BEA61A6857D400B0EB8F /* AppDelegate.m in Sources */ = {isa = PBXBuildFile; fileRef = EFC6BEA51A6857D400B0EB8F /* AppDelegate.m */; };
		EFC6BEAC1A6857D400B0EB8F /* Main.storyboard in Resources */ = {isa = PBXBuildFile; fileRef = EFC6BEAA1A6857D400B0EB8F /* Main.storyboard */; };
		EFC6BEAE1A6857D500B0EB8F /* Images.xcassets in Resources */ = {isa = PBXBuildFile; fileRef = EFC6BEAD1A6857D400B0EB8F /* Images.xcassets */; };
		EFC6BEB11A6857D500B0EB8F /* LaunchScreen.xib in Resources */ = {isa = PBXBuildFile; fileRef = EFC6BEAF1A6857D500B0EB8F /* LaunchScreen.xib */; };
		EFC6BEBD1A6857D500B0EB8F /* KeyTests.m in Sources */ = {isa = PBXBuildFile; fileRef = EFC6BEBC1A6857D500B0EB8F /* KeyTests.m */; };
		EFC6BEC71A6857E000B0EB8F /* Podfile in Resources */ = {isa = PBXBuildFile; fileRef = EFC6BEC61A6857E000B0EB8F /* Podfile */; };
		EFCD01D81A83E651005065B2 /* KThread.m in Sources */ = {isa = PBXBuildFile; fileRef = EFCD01D71A83E651005065B2 /* KThread.m */; };
		EFE5667C1AF1883E00FB1142 /* SelectRecipientViewController.m in Sources */ = {isa = PBXBuildFile; fileRef = EFE5667B1AF1883E00FB1142 /* SelectRecipientViewController.m */; };
		EFE5667D1AF1883E00FB1142 /* SelectRecipientViewController.m in Sources */ = {isa = PBXBuildFile; fileRef = EFE5667B1AF1883E00FB1142 /* SelectRecipientViewController.m */; };
		EFEBDD381A68CE9600973E15 /* KUser.m in Sources */ = {isa = PBXBuildFile; fileRef = EFEBDD371A68CE9600973E15 /* KUser.m */; };
		EFEBDD3B1A6B2C7800973E15 /* KMessage.m in Sources */ = {isa = PBXBuildFile; fileRef = EFEBDD3A1A6B2C7800973E15 /* KMessage.m */; };
		EFEBDD441A6B5C1400973E15 /* KGroup.m in Sources */ = {isa = PBXBuildFile; fileRef = EFEBDD431A6B5C1400973E15 /* KGroup.m */; };
		EFF70A861AAE19C3006C10D2 /* AES_CBC.m in Sources */ = {isa = PBXBuildFile; fileRef = EFF70A611AAE19C3006C10D2 /* AES_CBC.m */; };
		EFF70A871AAE19C3006C10D2 /* HMAC.m in Sources */ = {isa = PBXBuildFile; fileRef = EFF70A631AAE19C3006C10D2 /* HMAC.m */; };
		EFF70A881AAE19C3006C10D2 /* KeyDerivation.m in Sources */ = {isa = PBXBuildFile; fileRef = EFF70A651AAE19C3006C10D2 /* KeyDerivation.m */; };
		EFF70A8A1AAE19C3006C10D2 /* IdentityKey.m in Sources */ = {isa = PBXBuildFile; fileRef = EFF70A6A1AAE19C3006C10D2 /* IdentityKey.m */; };
		EFF70A8B1AAE19C3006C10D2 /* MasterKey.m in Sources */ = {isa = PBXBuildFile; fileRef = EFF70A6C1AAE19C3006C10D2 /* MasterKey.m */; };
		EFF70A8C1AAE19C3006C10D2 /* MessageKey.m in Sources */ = {isa = PBXBuildFile; fileRef = EFF70A6E1AAE19C3006C10D2 /* MessageKey.m */; };
		EFF70A8D1AAE19C3006C10D2 /* PreKey.m in Sources */ = {isa = PBXBuildFile; fileRef = EFF70A701AAE19C3006C10D2 /* PreKey.m */; };
		EFF70A8E1AAE19C3006C10D2 /* RootChain.m in Sources */ = {isa = PBXBuildFile; fileRef = EFF70A721AAE19C3006C10D2 /* RootChain.m */; };
		EFF70A901AAE19C3006C10D2 /* SessionKeyBundle.m in Sources */ = {isa = PBXBuildFile; fileRef = EFF70A761AAE19C3006C10D2 /* SessionKeyBundle.m */; };
		EFF70A911AAE19C3006C10D2 /* EncryptedMessage.m in Sources */ = {isa = PBXBuildFile; fileRef = EFF70A791AAE19C3006C10D2 /* EncryptedMessage.m */; };
		EFF70A921AAE19C3006C10D2 /* PreKeyExchange.m in Sources */ = {isa = PBXBuildFile; fileRef = EFF70A7B1AAE19C3006C10D2 /* PreKeyExchange.m */; };
		EFF70A931AAE19C3006C10D2 /* PreKeyExchangeReceipt.m in Sources */ = {isa = PBXBuildFile; fileRef = EFF70A7D1AAE19C3006C10D2 /* PreKeyExchangeReceipt.m */; };
		EFF70A941AAE19C3006C10D2 /* Session.m in Sources */ = {isa = PBXBuildFile; fileRef = EFF70A801AAE19C3006C10D2 /* Session.m */; };
		EFF70A951AAE19C3006C10D2 /* SessionState.m in Sources */ = {isa = PBXBuildFile; fileRef = EFF70A821AAE19C3006C10D2 /* SessionState.m */; };
		EFF70AC41AAE1CBC006C10D2 /* LoginViewController.m in Sources */ = {isa = PBXBuildFile; fileRef = EFF70AB81AAE1CBC006C10D2 /* LoginViewController.m */; };
		EFF70AC61AAE1CBC006C10D2 /* RegistrationViewController.m in Sources */ = {isa = PBXBuildFile; fileRef = EFF70ABC1AAE1CBC006C10D2 /* RegistrationViewController.m */; };
		EFF70AC81AAE1CBC006C10D2 /* WelcomeScreenViewController.m in Sources */ = {isa = PBXBuildFile; fileRef = EFF70AC01AAE1CBC006C10D2 /* WelcomeScreenViewController.m */; };
/* End PBXBuildFile section */

/* Begin PBXContainerItemProxy section */
		EFC6BEB71A6857D500B0EB8F /* PBXContainerItemProxy */ = {
			isa = PBXContainerItemProxy;
			containerPortal = EFC6BE951A6857D400B0EB8F /* Project object */;
			proxyType = 1;
			remoteGlobalIDString = EFC6BE9C1A6857D400B0EB8F;
			remoteInfo = Key;
		};
/* End PBXContainerItemProxy section */

/* Begin PBXFileReference section */
		2539EDD7F5AA0C4DFB3367D0 /* Pods.release.xcconfig */ = {isa = PBXFileReference; includeInIndex = 1; lastKnownFileType = text.xcconfig; name = Pods.release.xcconfig; path = "Pods/Target Support Files/Pods/Pods.release.xcconfig"; sourceTree = "<group>"; };
		65563319915893A686117F67 /* libPods.a */ = {isa = PBXFileReference; explicitFileType = archive.ar; includeInIndex = 0; path = libPods.a; sourceTree = BUILT_PRODUCTS_DIR; };
		7FE65DB16A2581426F9789DA /* Pods-KeyTests.debug.xcconfig */ = {isa = PBXFileReference; includeInIndex = 1; lastKnownFileType = text.xcconfig; name = "Pods-KeyTests.debug.xcconfig"; path = "Pods/Target Support Files/Pods-KeyTests/Pods-KeyTests.debug.xcconfig"; sourceTree = "<group>"; };
		BED4F366B60241C2DC1CBDD5 /* Pods-Key.debug.xcconfig */ = {isa = PBXFileReference; includeInIndex = 1; lastKnownFileType = text.xcconfig; name = "Pods-Key.debug.xcconfig"; path = "Pods/Target Support Files/Pods-Key/Pods-Key.debug.xcconfig"; sourceTree = "<group>"; };
		C461760CA51ABA0BE7C393EF /* Pods-Key.release.xcconfig */ = {isa = PBXFileReference; includeInIndex = 1; lastKnownFileType = text.xcconfig; name = "Pods-Key.release.xcconfig"; path = "Pods/Target Support Files/Pods-Key/Pods-Key.release.xcconfig"; sourceTree = "<group>"; };
		DB575E32381FD8118E62EE58 /* Pods.debug.xcconfig */ = {isa = PBXFileReference; includeInIndex = 1; lastKnownFileType = text.xcconfig; name = Pods.debug.xcconfig; path = "Pods/Target Support Files/Pods/Pods.debug.xcconfig"; sourceTree = "<group>"; };
		DF6091F2DF6E5A8AC8248FE8 /* Pods-KeyTests.release.xcconfig */ = {isa = PBXFileReference; includeInIndex = 1; lastKnownFileType = text.xcconfig; name = "Pods-KeyTests.release.xcconfig"; path = "Pods/Target Support Files/Pods-KeyTests/Pods-KeyTests.release.xcconfig"; sourceTree = "<group>"; };
		EF0171691ADD936C00AFCBA4 /* ShareViewController.h */ = {isa = PBXFileReference; fileEncoding = 4; lastKnownFileType = sourcecode.c.h; path = ShareViewController.h; sourceTree = "<group>"; };
		EF01716A1ADD936C00AFCBA4 /* ShareViewController.m */ = {isa = PBXFileReference; fileEncoding = 4; lastKnownFileType = sourcecode.c.objc; path = ShareViewController.m; sourceTree = "<group>"; };
		EF01716C1ADD93B500AFCBA4 /* SocialViewController.h */ = {isa = PBXFileReference; fileEncoding = 4; lastKnownFileType = sourcecode.c.h; path = SocialViewController.h; sourceTree = "<group>"; };
		EF01716D1ADD93B500AFCBA4 /* SocialViewController.m */ = {isa = PBXFileReference; fileEncoding = 4; lastKnownFileType = sourcecode.c.objc; path = SocialViewController.m; sourceTree = "<group>"; };
		EF01716F1ADF07BB00AFCBA4 /* KPost.h */ = {isa = PBXFileReference; fileEncoding = 4; lastKnownFileType = sourcecode.c.h; name = KPost.h; path = Models/KPost.h; sourceTree = "<group>"; };
		EF0171701ADF07BB00AFCBA4 /* KPost.m */ = {isa = PBXFileReference; fileEncoding = 4; lastKnownFileType = sourcecode.c.objc; name = KPost.m; path = Models/KPost.m; sourceTree = "<group>"; };
		EF0171721ADF07D100AFCBA4 /* KAttachment.h */ = {isa = PBXFileReference; fileEncoding = 4; lastKnownFileType = sourcecode.c.h; name = KAttachment.h; path = ../../Models/KAttachment.h; sourceTree = "<group>"; };
		EF0171731ADF07D100AFCBA4 /* KAttachment.m */ = {isa = PBXFileReference; fileEncoding = 4; lastKnownFileType = sourcecode.c.objc; name = KAttachment.m; path = ../../Models/KAttachment.m; sourceTree = "<group>"; };
		EF0171781ADF083700AFCBA4 /* KPost+Serialize.h */ = {isa = PBXFileReference; fileEncoding = 4; lastKnownFileType = sourcecode.c.h; name = "KPost+Serialize.h"; path = "Network/Serializers/KPost+Serialize.h"; sourceTree = "<group>"; };
		EF0171791ADF083700AFCBA4 /* KPost+Serialize.m */ = {isa = PBXFileReference; fileEncoding = 4; lastKnownFileType = sourcecode.c.objc; name = "KPost+Serialize.m"; path = "Network/Serializers/KPost+Serialize.m"; sourceTree = "<group>"; };
		EF0F4DBC1AB8D3BA00BB2AFC /* PushManager.h */ = {isa = PBXFileReference; fileEncoding = 4; lastKnownFileType = sourcecode.c.h; name = PushManager.h; path = Network/PushManager.h; sourceTree = "<group>"; };
		EF0F4DBD1AB8D3BA00BB2AFC /* PushManager.m */ = {isa = PBXFileReference; fileEncoding = 4; lastKnownFileType = sourcecode.c.objc; name = PushManager.m; path = Network/PushManager.m; sourceTree = "<group>"; };
		EF0F4DC21ABA19DE00BB2AFC /* HomeViewController.h */ = {isa = PBXFileReference; fileEncoding = 4; lastKnownFileType = sourcecode.c.h; path = HomeViewController.h; sourceTree = "<group>"; };
		EF0F4DC31ABA19DE00BB2AFC /* HomeViewController.m */ = {isa = PBXFileReference; fileEncoding = 4; lastKnownFileType = sourcecode.c.objc; path = HomeViewController.m; sourceTree = "<group>"; };
		EF2CDEAC1AB48C3F001E2F20 /* KUser+Serialize.h */ = {isa = PBXFileReference; fileEncoding = 4; lastKnownFileType = sourcecode.c.h; name = "KUser+Serialize.h"; path = "Network/Serializers/KUser+Serialize.h"; sourceTree = "<group>"; };
		EF2CDEAD1AB48C3F001E2F20 /* KUser+Serialize.m */ = {isa = PBXFileReference; fileEncoding = 4; lastKnownFileType = sourcecode.c.objc; name = "KUser+Serialize.m"; path = "Network/Serializers/KUser+Serialize.m"; sourceTree = "<group>"; };
		EF2CDEAF1AB48CB6001E2F20 /* KMessage+Serialize.h */ = {isa = PBXFileReference; fileEncoding = 4; lastKnownFileType = sourcecode.c.h; name = "KMessage+Serialize.h"; path = "Network/Serializers/KMessage+Serialize.h"; sourceTree = "<group>"; };
		EF2CDEB01AB48CB6001E2F20 /* KMessage+Serialize.m */ = {isa = PBXFileReference; fileEncoding = 4; lastKnownFileType = sourcecode.c.objc; name = "KMessage+Serialize.m"; path = "Network/Serializers/KMessage+Serialize.m"; sourceTree = "<group>"; };
		EF2CDEB61AB49A6F001E2F20 /* IdentityKey+Serialize.h */ = {isa = PBXFileReference; fileEncoding = 4; lastKnownFileType = sourcecode.c.h; name = "IdentityKey+Serialize.h"; path = "Network/Serializers/IdentityKey+Serialize.h"; sourceTree = "<group>"; };
		EF2CDEB71AB49A6F001E2F20 /* IdentityKey+Serialize.m */ = {isa = PBXFileReference; fileEncoding = 4; lastKnownFileType = sourcecode.c.objc; name = "IdentityKey+Serialize.m"; path = "Network/Serializers/IdentityKey+Serialize.m"; sourceTree = "<group>"; };
		EF2CDEBC1AB4A78E001E2F20 /* IdentityKeyTests.m */ = {isa = PBXFileReference; fileEncoding = 4; lastKnownFileType = sourcecode.c.objc; path = IdentityKeyTests.m; sourceTree = "<group>"; };
		EF3D09E11AE036EB0044E9F6 /* InboxViewController.h */ = {isa = PBXFileReference; fileEncoding = 4; lastKnownFileType = sourcecode.c.h; path = InboxViewController.h; sourceTree = "<group>"; };
		EF3D09E21AE036EB0044E9F6 /* InboxViewController.m */ = {isa = PBXFileReference; fileEncoding = 4; lastKnownFileType = sourcecode.c.objc; path = InboxViewController.m; sourceTree = "<group>"; };
		EF4920931AD6F82A00A9FE89 /* UIDevice+Messages.h */ = {isa = PBXFileReference; fileEncoding = 4; lastKnownFileType = sourcecode.c.h; path = "UIDevice+Messages.h"; sourceTree = "<group>"; };
		EF4920941AD6F82A00A9FE89 /* UIDevice+Messages.m */ = {isa = PBXFileReference; fileEncoding = 4; lastKnownFileType = sourcecode.c.objc; path = "UIDevice+Messages.m"; sourceTree = "<group>"; };
		EF4920961AD6F89000A9FE89 /* UIView+Messages.h */ = {isa = PBXFileReference; fileEncoding = 4; lastKnownFileType = sourcecode.c.h; path = "UIView+Messages.h"; sourceTree = "<group>"; };
		EF4920971AD6F89000A9FE89 /* UIView+Messages.m */ = {isa = PBXFileReference; fileEncoding = 4; lastKnownFileType = sourcecode.c.objc; path = "UIView+Messages.m"; sourceTree = "<group>"; };
		EF49209F1AD761F700A9FE89 /* UIImage+Messages.h */ = {isa = PBXFileReference; fileEncoding = 4; lastKnownFileType = sourcecode.c.h; path = "UIImage+Messages.h"; sourceTree = "<group>"; };
		EF4920A01AD761F700A9FE89 /* UIImage+Messages.m */ = {isa = PBXFileReference; fileEncoding = 4; lastKnownFileType = sourcecode.c.objc; path = "UIImage+Messages.m"; sourceTree = "<group>"; };
		EF4920A21AD762A400A9FE89 /* NSBundle+Messages.h */ = {isa = PBXFileReference; fileEncoding = 4; lastKnownFileType = sourcecode.c.h; path = "NSBundle+Messages.h"; sourceTree = "<group>"; };
		EF4920A31AD762A400A9FE89 /* NSBundle+Messages.m */ = {isa = PBXFileReference; fileEncoding = 4; lastKnownFileType = sourcecode.c.objc; path = "NSBundle+Messages.m"; sourceTree = "<group>"; };
		EF4920A91AD7A28D00A9FE89 /* UIColor+Messages.h */ = {isa = PBXFileReference; fileEncoding = 4; lastKnownFileType = sourcecode.c.h; path = "UIColor+Messages.h"; sourceTree = "<group>"; };
		EF4920AA1AD7A28D00A9FE89 /* UIColor+Messages.m */ = {isa = PBXFileReference; fileEncoding = 4; lastKnownFileType = sourcecode.c.objc; path = "UIColor+Messages.m"; sourceTree = "<group>"; };
		EF524AD41AAE238600F3B9AF /* KStorageManager.h */ = {isa = PBXFileReference; fileEncoding = 4; lastKnownFileType = sourcecode.c.h; path = KStorageManager.h; sourceTree = "<group>"; };
		EF524AD51AAE238600F3B9AF /* KStorageManager.m */ = {isa = PBXFileReference; fileEncoding = 4; lastKnownFileType = sourcecode.c.objc; path = KStorageManager.m; sourceTree = "<group>"; };
		EF524AE01AAE239800F3B9AF /* FreeKeyExceptions.h */ = {isa = PBXFileReference; fileEncoding = 4; lastKnownFileType = sourcecode.c.h; path = FreeKeyExceptions.h; sourceTree = "<group>"; };
		EF524AE11AAE239800F3B9AF /* NSData+keyVersionByte.h */ = {isa = PBXFileReference; fileEncoding = 4; lastKnownFileType = sourcecode.c.h; path = "NSData+keyVersionByte.h"; sourceTree = "<group>"; };
		EF524AE21AAE239800F3B9AF /* NSData+keyVersionByte.m */ = {isa = PBXFileReference; fileEncoding = 4; lastKnownFileType = sourcecode.c.objc; path = "NSData+keyVersionByte.m"; sourceTree = "<group>"; };
		EF524AE31AAE239800F3B9AF /* Util.h */ = {isa = PBXFileReference; fileEncoding = 4; lastKnownFileType = sourcecode.c.h; path = Util.h; sourceTree = "<group>"; };
		EF524AE41AAE239800F3B9AF /* Util.m */ = {isa = PBXFileReference; fileEncoding = 4; lastKnownFileType = sourcecode.c.objc; path = Util.m; sourceTree = "<group>"; };
		EF524AE71AAE247800F3B9AF /* NSData+Base64.h */ = {isa = PBXFileReference; fileEncoding = 4; lastKnownFileType = sourcecode.c.h; path = "NSData+Base64.h"; sourceTree = "<group>"; };
		EF524AE81AAE247800F3B9AF /* NSData+Base64.m */ = {isa = PBXFileReference; fileEncoding = 4; lastKnownFileType = sourcecode.c.objc; path = "NSData+Base64.m"; sourceTree = "<group>"; };
		EF524AEA1AAE24B400F3B9AF /* NSString+Base64.h */ = {isa = PBXFileReference; fileEncoding = 4; lastKnownFileType = sourcecode.c.h; path = "NSString+Base64.h"; sourceTree = "<group>"; };
		EF524AEB1AAE24B400F3B9AF /* NSString+Base64.m */ = {isa = PBXFileReference; fileEncoding = 4; lastKnownFileType = sourcecode.c.objc; path = "NSString+Base64.m"; sourceTree = "<group>"; };
		EF524AF31AAE2BAC00F3B9AF /* FreeKey.h */ = {isa = PBXFileReference; fileEncoding = 4; lastKnownFileType = sourcecode.c.h; path = FreeKey.h; sourceTree = "<group>"; };
		EF524AF41AAE2BAC00F3B9AF /* FreeKey.m */ = {isa = PBXFileReference; fileEncoding = 4; lastKnownFileType = sourcecode.c.objc; path = FreeKey.m; sourceTree = "<group>"; };
		EF524AFA1AAEA36300F3B9AF /* KEncryptable.h */ = {isa = PBXFileReference; fileEncoding = 4; lastKnownFileType = sourcecode.c.h; name = KEncryptable.h; path = Models/KEncryptable.h; sourceTree = "<group>"; };
		EF524AFE1AAF330A00F3B9AF /* CryptoTests.m */ = {isa = PBXFileReference; fileEncoding = 4; lastKnownFileType = sourcecode.c.objc; path = CryptoTests.m; sourceTree = "<group>"; };
		EF524AFF1AAF330A00F3B9AF /* EncryptedMessageTests.m */ = {isa = PBXFileReference; fileEncoding = 4; lastKnownFileType = sourcecode.c.objc; path = EncryptedMessageTests.m; sourceTree = "<group>"; };
		EF524B001AAF330A00F3B9AF /* FreeKeyTests.m */ = {isa = PBXFileReference; fileEncoding = 4; lastKnownFileType = sourcecode.c.objc; path = FreeKeyTests.m; sourceTree = "<group>"; };
		EF524B011AAF330A00F3B9AF /* PreKeyTests.m */ = {isa = PBXFileReference; fileEncoding = 4; lastKnownFileType = sourcecode.c.objc; path = PreKeyTests.m; sourceTree = "<group>"; };
		EF524B021AAF330A00F3B9AF /* SessionTests.m */ = {isa = PBXFileReference; fileEncoding = 4; lastKnownFileType = sourcecode.c.objc; path = SessionTests.m; sourceTree = "<group>"; };
		EF524B081AB0DE4300F3B9AF /* HttpManager.h */ = {isa = PBXFileReference; fileEncoding = 4; lastKnownFileType = sourcecode.c.h; name = HttpManager.h; path = Network/HttpManager.h; sourceTree = "<group>"; };
		EF524B091AB0DE4300F3B9AF /* HttpManager.m */ = {isa = PBXFileReference; fileEncoding = 4; lastKnownFileType = sourcecode.c.objc; name = HttpManager.m; path = Network/HttpManager.m; sourceTree = "<group>"; };
		EF524B0D1AB0DF0D00F3B9AF /* KSendable.h */ = {isa = PBXFileReference; fileEncoding = 4; lastKnownFileType = sourcecode.c.h; path = KSendable.h; sourceTree = "<group>"; };
		EF524B0E1AB31FDF00F3B9AF /* KUserTests.m */ = {isa = PBXFileReference; fileEncoding = 4; lastKnownFileType = sourcecode.c.objc; path = KUserTests.m; sourceTree = "<group>"; };
		EF6B44A61ABA2F8A00B88323 /* ContactViewController.h */ = {isa = PBXFileReference; fileEncoding = 4; lastKnownFileType = sourcecode.c.h; path = ContactViewController.h; sourceTree = "<group>"; };
		EF6B44A71ABA2F8A00B88323 /* ContactViewController.m */ = {isa = PBXFileReference; fileEncoding = 4; lastKnownFileType = sourcecode.c.objc; path = ContactViewController.m; sourceTree = "<group>"; };
		EF6B44A91ABA399D00B88323 /* ThreadViewController.h */ = {isa = PBXFileReference; fileEncoding = 4; lastKnownFileType = sourcecode.c.h; path = ThreadViewController.h; sourceTree = "<group>"; };
		EF6B44AA1ABA399D00B88323 /* ThreadViewController.m */ = {isa = PBXFileReference; fileEncoding = 4; lastKnownFileType = sourcecode.c.objc; path = ThreadViewController.m; sourceTree = "<group>"; };
		EF6B44AC1ABA5DDB00B88323 /* KThreadTests.m */ = {isa = PBXFileReference; fileEncoding = 4; lastKnownFileType = sourcecode.c.objc; path = KThreadTests.m; sourceTree = "<group>"; };
		EF6B44B01ABA877F00B88323 /* KThread+Serialize.h */ = {isa = PBXFileReference; fileEncoding = 4; lastKnownFileType = sourcecode.c.h; name = "KThread+Serialize.h"; path = "Network/Serializers/KThread+Serialize.h"; sourceTree = "<group>"; };
		EF6B44B11ABA877F00B88323 /* KThread+Serialize.m */ = {isa = PBXFileReference; fileEncoding = 4; lastKnownFileType = sourcecode.c.objc; name = "KThread+Serialize.m"; path = "Network/Serializers/KThread+Serialize.m"; sourceTree = "<group>"; };
		EF6B44B61ABC943C00B88323 /* FreeKeyNetworkManager.h */ = {isa = PBXFileReference; fileEncoding = 4; lastKnownFileType = sourcecode.c.h; path = FreeKeyNetworkManager.h; sourceTree = "<group>"; };
		EF6B44B71ABC943C00B88323 /* FreeKeyNetworkManager.m */ = {isa = PBXFileReference; fileEncoding = 4; lastKnownFileType = sourcecode.c.objc; path = FreeKeyNetworkManager.m; sourceTree = "<group>"; };
		EF6B44B91ABC944B00B88323 /* FreeKeySessionManager.h */ = {isa = PBXFileReference; fileEncoding = 4; lastKnownFileType = sourcecode.c.h; path = FreeKeySessionManager.h; sourceTree = "<group>"; };
		EF6B44BA1ABC944B00B88323 /* FreeKeySessionManager.m */ = {isa = PBXFileReference; fileEncoding = 4; lastKnownFileType = sourcecode.c.objc; path = FreeKeySessionManager.m; sourceTree = "<group>"; };
		EF6B44BC1ABC997D00B88323 /* FreeKeySessionManagerTests.m */ = {isa = PBXFileReference; fileEncoding = 4; lastKnownFileType = sourcecode.c.objc; path = FreeKeySessionManagerTests.m; sourceTree = "<group>"; };
		EF6B44BE1ABC998B00B88323 /* FreeKeyPushManagerTests.m */ = {isa = PBXFileReference; fileEncoding = 4; lastKnownFileType = sourcecode.c.objc; path = FreeKeyPushManagerTests.m; sourceTree = "<group>"; };
		EF6B44C01ABCDD3600B88323 /* FreeKeyTestExample.h */ = {isa = PBXFileReference; fileEncoding = 4; lastKnownFileType = sourcecode.c.h; path = FreeKeyTestExample.h; sourceTree = "<group>"; };
		EF6B44C11ABCDD3600B88323 /* FreeKeyTestExample.m */ = {isa = PBXFileReference; fileEncoding = 4; lastKnownFileType = sourcecode.c.objc; path = FreeKeyTestExample.m; sourceTree = "<group>"; };
		EF6B44C31ABDAE1D00B88323 /* HttpManagerTests.m */ = {isa = PBXFileReference; fileEncoding = 4; lastKnownFileType = sourcecode.c.objc; path = HttpManagerTests.m; sourceTree = "<group>"; };
		EF78AA541B33622300A4627F /* HomeNavigationViewController.h */ = {isa = PBXFileReference; fileEncoding = 4; lastKnownFileType = sourcecode.c.h; path = HomeNavigationViewController.h; sourceTree = "<group>"; };
		EF78AA551B33622300A4627F /* HomeNavigationViewController.m */ = {isa = PBXFileReference; fileEncoding = 4; lastKnownFileType = sourcecode.c.objc; path = HomeNavigationViewController.m; sourceTree = "<group>"; };
		EF8358231AE02AD800B631AB /* InboxView.xib */ = {isa = PBXFileReference; fileEncoding = 4; lastKnownFileType = file.xib; name = InboxView.xib; path = Views/InboxView.xib; sourceTree = "<group>"; };
		EF8358251AE02AED00B631AB /* ShareView.xib */ = {isa = PBXFileReference; fileEncoding = 4; lastKnownFileType = file.xib; path = ShareView.xib; sourceTree = "<group>"; };
		EF8358271AE02B0F00B631AB /* SocialView.xib */ = {isa = PBXFileReference; fileEncoding = 4; lastKnownFileType = file.xib; name = SocialView.xib; path = Views/SocialView.xib; sourceTree = "<group>"; };
		EF973FA31A7E8F5200D92A9E /* KAccountManager.h */ = {isa = PBXFileReference; fileEncoding = 4; lastKnownFileType = sourcecode.c.h; name = KAccountManager.h; path = Models/KAccountManager.h; sourceTree = "<group>"; };
		EF973FA41A7E8F5200D92A9E /* KAccountManager.m */ = {isa = PBXFileReference; fileEncoding = 4; lastKnownFileType = sourcecode.c.objc; name = KAccountManager.m; path = Models/KAccountManager.m; sourceTree = "<group>"; };
		EF99E26D1AC5E7C9002583E2 /* UserRequest.h */ = {isa = PBXFileReference; fileEncoding = 4; lastKnownFileType = sourcecode.c.h; name = UserRequest.h; path = Network/Requests/User/UserRequest.h; sourceTree = "<group>"; };
		EF99E26E1AC612EC002583E2 /* GetKeyExchangeRequest.h */ = {isa = PBXFileReference; fileEncoding = 4; lastKnownFileType = sourcecode.c.h; name = GetKeyExchangeRequest.h; path = Network/Requests/PreKey/GetKeyExchangeRequest.h; sourceTree = "<group>"; };
		EF99E26F1AC612EC002583E2 /* GetKeyExchangeRequest.m */ = {isa = PBXFileReference; fileEncoding = 4; lastKnownFileType = sourcecode.c.objc; name = GetKeyExchangeRequest.m; path = Network/Requests/PreKey/GetKeyExchangeRequest.m; sourceTree = "<group>"; };
		EF99E2711AC61354002583E2 /* PreKeyRequest.h */ = {isa = PBXFileReference; fileEncoding = 4; lastKnownFileType = sourcecode.c.h; path = PreKeyRequest.h; sourceTree = "<group>"; };
		EF99E2751AC72F71002583E2 /* FreeKeyResponseHandler.h */ = {isa = PBXFileReference; fileEncoding = 4; lastKnownFileType = sourcecode.c.h; path = FreeKeyResponseHandler.h; sourceTree = "<group>"; };
		EF99E2761AC72F71002583E2 /* FreeKeyResponseHandler.m */ = {isa = PBXFileReference; fileEncoding = 4; lastKnownFileType = sourcecode.c.objc; path = FreeKeyResponseHandler.m; sourceTree = "<group>"; };
		EF99E27B1AC9D5AC002583E2 /* MessageRequest.h */ = {isa = PBXFileReference; lastKnownFileType = sourcecode.c.h; name = MessageRequest.h; path = Network/Requests/Message/MessageRequest.h; sourceTree = "<group>"; };
		EF99E27D1ACB2BB9002583E2 /* SendPushTokenRequest.h */ = {isa = PBXFileReference; fileEncoding = 4; lastKnownFileType = sourcecode.c.h; name = SendPushTokenRequest.h; path = Network/Requests/PushToken/SendPushTokenRequest.h; sourceTree = "<group>"; };
		EF99E27E1ACB2BB9002583E2 /* SendPushTokenRequest.m */ = {isa = PBXFileReference; fileEncoding = 4; lastKnownFileType = sourcecode.c.objc; name = SendPushTokenRequest.m; path = Network/Requests/PushToken/SendPushTokenRequest.m; sourceTree = "<group>"; };
		EF99E2811ACB2D1F002583E2 /* PushTokenRequest.h */ = {isa = PBXFileReference; fileEncoding = 4; lastKnownFileType = sourcecode.c.h; path = PushTokenRequest.h; sourceTree = "<group>"; };
		EF9A744E1B52B639009689A7 /* DismissAndPresentProtocol.h */ = {isa = PBXFileReference; fileEncoding = 4; lastKnownFileType = sourcecode.c.h; name = DismissAndPresentProtocol.h; path = Protocols/DismissAndPresentProtocol.h; sourceTree = "<group>"; };
		EF9A744F1B54A735009689A7 /* ThreadHeader.h */ = {isa = PBXFileReference; fileEncoding = 4; lastKnownFileType = sourcecode.c.h; path = ThreadHeader.h; sourceTree = "<group>"; };
		EF9A74501B54A735009689A7 /* ThreadHeader.m */ = {isa = PBXFileReference; fileEncoding = 4; lastKnownFileType = sourcecode.c.objc; path = ThreadHeader.m; sourceTree = "<group>"; };
		EFABC0271B39BEA50062B807 /* MediaView.xib */ = {isa = PBXFileReference; fileEncoding = 4; lastKnownFileType = file.xib; path = MediaView.xib; sourceTree = "<group>"; };
		EFABC02F1B39EA6B0062B807 /* CameraViewController.h */ = {isa = PBXFileReference; fileEncoding = 4; lastKnownFileType = sourcecode.c.h; path = CameraViewController.h; sourceTree = "<group>"; };
		EFABC0301B39EA6B0062B807 /* CameraViewController.m */ = {isa = PBXFileReference; fileEncoding = 4; lastKnownFileType = sourcecode.c.objc; path = CameraViewController.m; sourceTree = "<group>"; };
		EFAC97CF1B2E171600B4FD0F /* KOutgoingObject.h */ = {isa = PBXFileReference; fileEncoding = 4; lastKnownFileType = sourcecode.c.h; path = KOutgoingObject.h; sourceTree = "<group>"; };
		EFAC97D01B2E171600B4FD0F /* KOutgoingObject.m */ = {isa = PBXFileReference; fileEncoding = 4; lastKnownFileType = sourcecode.c.objc; path = KOutgoingObject.m; sourceTree = "<group>"; };
		EFB225F01B48C4EF00D7E44B /* MediaViewController.h */ = {isa = PBXFileReference; fileEncoding = 4; lastKnownFileType = sourcecode.c.h; path = MediaViewController.h; sourceTree = "<group>"; };
		EFB225F11B48C4EF00D7E44B /* MediaViewController.m */ = {isa = PBXFileReference; fileEncoding = 4; lastKnownFileType = sourcecode.c.objc; path = MediaViewController.m; sourceTree = "<group>"; };
		EFB225F31B4984F200D7E44B /* KPhoto+Serialize.h */ = {isa = PBXFileReference; fileEncoding = 4; lastKnownFileType = sourcecode.c.h; name = "KPhoto+Serialize.h"; path = "Network/Serializers/KPhoto+Serialize.h"; sourceTree = "<group>"; };
		EFB225F41B4984F200D7E44B /* KPhoto+Serialize.m */ = {isa = PBXFileReference; fileEncoding = 4; lastKnownFileType = sourcecode.c.objc; name = "KPhoto+Serialize.m"; path = "Network/Serializers/KPhoto+Serialize.m"; sourceTree = "<group>"; };
		EFB225F61B49851000D7E44B /* KLocation+Serialize.h */ = {isa = PBXFileReference; fileEncoding = 4; lastKnownFileType = sourcecode.c.h; name = "KLocation+Serialize.h"; path = "Network/Serializers/KLocation+Serialize.h"; sourceTree = "<group>"; };
		EFB225F71B49851000D7E44B /* KLocation+Serialize.m */ = {isa = PBXFileReference; fileEncoding = 4; lastKnownFileType = sourcecode.c.objc; name = "KLocation+Serialize.m"; path = "Network/Serializers/KLocation+Serialize.m"; sourceTree = "<group>"; };
		EFB225F91B4ACC3100D7E44B /* KDatabaseObject.h */ = {isa = PBXFileReference; fileEncoding = 4; lastKnownFileType = sourcecode.c.h; path = KDatabaseObject.h; sourceTree = "<group>"; };
		EFB225FA1B4ACC3100D7E44B /* KDatabaseObject.m */ = {isa = PBXFileReference; fileEncoding = 4; lastKnownFileType = sourcecode.c.objc; path = KDatabaseObject.m; sourceTree = "<group>"; };
		EFB225FF1B4AD20A00D7E44B /* KStorageManagerTests.m */ = {isa = PBXFileReference; fileEncoding = 4; lastKnownFileType = sourcecode.c.objc; path = KStorageManagerTests.m; sourceTree = "<group>"; };
		EFB226021B4CCC5500D7E44B /* KDatabaseObjectTests.m */ = {isa = PBXFileReference; fileEncoding = 4; lastKnownFileType = sourcecode.c.objc; path = KDatabaseObjectTests.m; sourceTree = "<group>"; };
		EFB226041B4D6BD700D7E44B /* NSObject+Properties.h */ = {isa = PBXFileReference; fileEncoding = 4; lastKnownFileType = sourcecode.c.h; path = "NSObject+Properties.h"; sourceTree = "<group>"; };
		EFB226051B4D6BD700D7E44B /* NSObject+Properties.m */ = {isa = PBXFileReference; fileEncoding = 4; lastKnownFileType = sourcecode.c.objc; path = "NSObject+Properties.m"; sourceTree = "<group>"; };
		EFB226071B4D6E2E00D7E44B /* NSString+PropertyKVC.h */ = {isa = PBXFileReference; fileEncoding = 4; lastKnownFileType = sourcecode.c.h; path = "NSString+PropertyKVC.h"; sourceTree = "<group>"; };
		EFB226081B4D6E2E00D7E44B /* NSString+PropertyKVC.m */ = {isa = PBXFileReference; fileEncoding = 4; lastKnownFileType = sourcecode.c.objc; path = "NSString+PropertyKVC.m"; sourceTree = "<group>"; };
		EFB2260A1B4F125B00D7E44B /* KStorageSchema.h */ = {isa = PBXFileReference; fileEncoding = 4; lastKnownFileType = sourcecode.c.h; path = KStorageSchema.h; sourceTree = "<group>"; };
		EFB2260B1B4F125B00D7E44B /* KStorageSchema.m */ = {isa = PBXFileReference; fileEncoding = 4; lastKnownFileType = sourcecode.c.objc; path = KStorageSchema.m; sourceTree = "<group>"; };
		EFB4A2A61B5211580042F3DF /* ThreadView.xib */ = {isa = PBXFileReference; fileEncoding = 4; lastKnownFileType = file.xib; name = ThreadView.xib; path = Views/ThreadView.xib; sourceTree = "<group>"; };
		EFB7226F1B41A25700E6DF7A /* EditMediaViewController.h */ = {isa = PBXFileReference; fileEncoding = 4; lastKnownFileType = sourcecode.c.h; path = EditMediaViewController.h; sourceTree = "<group>"; };
		EFB722701B41A25700E6DF7A /* EditMediaViewController.m */ = {isa = PBXFileReference; fileEncoding = 4; lastKnownFileType = sourcecode.c.objc; path = EditMediaViewController.m; sourceTree = "<group>"; };
		EFB722721B42360300E6DF7A /* EditMediaView.xib */ = {isa = PBXFileReference; fileEncoding = 4; lastKnownFileType = file.xib; name = EditMediaView.xib; path = Views/EditMediaView.xib; sourceTree = "<group>"; };
		EFB722741B423DB000E6DF7A /* EditLocationView.xib */ = {isa = PBXFileReference; fileEncoding = 4; lastKnownFileType = file.xib; name = EditLocationView.xib; path = Views/EditLocationView.xib; sourceTree = "<group>"; };
		EFB722761B4240B200E6DF7A /* EditLocationViewController.h */ = {isa = PBXFileReference; fileEncoding = 4; lastKnownFileType = sourcecode.c.h; path = EditLocationViewController.h; sourceTree = "<group>"; };
		EFB722771B4240B200E6DF7A /* EditLocationViewController.m */ = {isa = PBXFileReference; fileEncoding = 4; lastKnownFileType = sourcecode.c.objc; path = EditLocationViewController.m; sourceTree = "<group>"; };
		EFB722791B432BFE00E6DF7A /* EditPostViewController.h */ = {isa = PBXFileReference; fileEncoding = 4; lastKnownFileType = sourcecode.c.h; path = EditPostViewController.h; sourceTree = "<group>"; };
		EFB7227A1B432BFE00E6DF7A /* EditPostViewController.m */ = {isa = PBXFileReference; fileEncoding = 4; lastKnownFileType = sourcecode.c.objc; path = EditPostViewController.m; sourceTree = "<group>"; };
		EFB7227C1B432C3300E6DF7A /* EditPostView.xib */ = {isa = PBXFileReference; fileEncoding = 4; lastKnownFileType = file.xib; name = EditPostView.xib; path = Views/EditPostView.xib; sourceTree = "<group>"; };
		EFB7227E1B44324E00E6DF7A /* SelectRecipientsView.xib */ = {isa = PBXFileReference; fileEncoding = 4; lastKnownFileType = file.xib; name = SelectRecipientsView.xib; path = Views/SelectRecipientsView.xib; sourceTree = "<group>"; };
		EFB722801B45E53800E6DF7A /* KPhoto.h */ = {isa = PBXFileReference; fileEncoding = 4; lastKnownFileType = sourcecode.c.h; name = KPhoto.h; path = Models/KPhoto.h; sourceTree = "<group>"; };
		EFB722811B45E53800E6DF7A /* KPhoto.m */ = {isa = PBXFileReference; fileEncoding = 4; lastKnownFileType = sourcecode.c.objc; name = KPhoto.m; path = Models/KPhoto.m; sourceTree = "<group>"; };
		EFB722831B45E57700E6DF7A /* KLocation.h */ = {isa = PBXFileReference; fileEncoding = 4; lastKnownFileType = sourcecode.c.h; name = KLocation.h; path = Models/KLocation.h; sourceTree = "<group>"; };
		EFB722841B45E57700E6DF7A /* KLocation.m */ = {isa = PBXFileReference; fileEncoding = 4; lastKnownFileType = sourcecode.c.objc; name = KLocation.m; path = Models/KLocation.m; sourceTree = "<group>"; };
		EFC181981AC3412800BE8B0B /* HttpRequest.h */ = {isa = PBXFileReference; fileEncoding = 4; lastKnownFileType = sourcecode.c.h; name = HttpRequest.h; path = Network/HttpRequest.h; sourceTree = "<group>"; };
		EFC181991AC3412800BE8B0B /* HttpRequest.m */ = {isa = PBXFileReference; fileEncoding = 4; lastKnownFileType = sourcecode.c.objc; name = HttpRequest.m; path = Network/HttpRequest.m; sourceTree = "<group>"; };
		EFC1819C1AC3534F00BE8B0B /* RegisterUsernameRequest.h */ = {isa = PBXFileReference; fileEncoding = 4; lastKnownFileType = sourcecode.c.h; path = RegisterUsernameRequest.h; sourceTree = "<group>"; };
		EFC1819D1AC3534F00BE8B0B /* RegisterUsernameRequest.m */ = {isa = PBXFileReference; fileEncoding = 4; lastKnownFileType = sourcecode.c.objc; path = RegisterUsernameRequest.m; sourceTree = "<group>"; };
		EFC1819F1AC3715B00BE8B0B /* UpdateUserRequest.h */ = {isa = PBXFileReference; fileEncoding = 4; lastKnownFileType = sourcecode.c.h; name = UpdateUserRequest.h; path = Network/Requests/UpdateUserRequest.h; sourceTree = "<group>"; };
		EFC181A01AC3715B00BE8B0B /* UpdateUserRequest.m */ = {isa = PBXFileReference; fileEncoding = 4; lastKnownFileType = sourcecode.c.objc; name = UpdateUserRequest.m; path = Network/Requests/UpdateUserRequest.m; sourceTree = "<group>"; };
		EFC181A21AC3717400BE8B0B /* SendMessageRequest.h */ = {isa = PBXFileReference; fileEncoding = 4; lastKnownFileType = sourcecode.c.h; name = SendMessageRequest.h; path = Network/Requests/SendMessageRequest.h; sourceTree = "<group>"; };
		EFC181A31AC3717400BE8B0B /* SendMessageRequest.m */ = {isa = PBXFileReference; fileEncoding = 4; lastKnownFileType = sourcecode.c.objc; name = SendMessageRequest.m; path = Network/Requests/SendMessageRequest.m; sourceTree = "<group>"; };
		EFC181A51AC3719800BE8B0B /* GetMessagesRequest.h */ = {isa = PBXFileReference; fileEncoding = 4; lastKnownFileType = sourcecode.c.h; name = GetMessagesRequest.h; path = Network/Requests/GetMessagesRequest.h; sourceTree = "<group>"; };
		EFC181A61AC3719800BE8B0B /* GetMessagesRequest.m */ = {isa = PBXFileReference; fileEncoding = 4; lastKnownFileType = sourcecode.c.objc; name = GetMessagesRequest.m; path = Network/Requests/GetMessagesRequest.m; sourceTree = "<group>"; };
		EFC181A81AC371C300BE8B0B /* SendPreKeysRequest.h */ = {isa = PBXFileReference; fileEncoding = 4; lastKnownFileType = sourcecode.c.h; path = SendPreKeysRequest.h; sourceTree = "<group>"; };
		EFC181A91AC371C300BE8B0B /* SendPreKeysRequest.m */ = {isa = PBXFileReference; fileEncoding = 4; lastKnownFileType = sourcecode.c.objc; path = SendPreKeysRequest.m; sourceTree = "<group>"; };
		EFC181AB1AC372F500BE8B0B /* GetUserRequest.h */ = {isa = PBXFileReference; fileEncoding = 4; lastKnownFileType = sourcecode.c.h; path = GetUserRequest.h; sourceTree = "<group>"; };
		EFC181AC1AC372F500BE8B0B /* GetUserRequest.m */ = {isa = PBXFileReference; fileEncoding = 4; lastKnownFileType = sourcecode.c.objc; path = GetUserRequest.m; sourceTree = "<group>"; };
		EFC181AE1AC3739800BE8B0B /* SendPreKeyExchangeRequest.h */ = {isa = PBXFileReference; fileEncoding = 4; lastKnownFileType = sourcecode.c.h; path = SendPreKeyExchangeRequest.h; sourceTree = "<group>"; };
		EFC181AF1AC3739800BE8B0B /* SendPreKeyExchangeRequest.m */ = {isa = PBXFileReference; fileEncoding = 4; lastKnownFileType = sourcecode.c.objc; path = SendPreKeyExchangeRequest.m; sourceTree = "<group>"; };
		EFC6BE9D1A6857D400B0EB8F /* Key.app */ = {isa = PBXFileReference; explicitFileType = wrapper.application; includeInIndex = 0; path = Key.app; sourceTree = BUILT_PRODUCTS_DIR; };
		EFC6BEA11A6857D400B0EB8F /* Info.plist */ = {isa = PBXFileReference; lastKnownFileType = text.plist.xml; path = Info.plist; sourceTree = "<group>"; };
		EFC6BEA21A6857D400B0EB8F /* main.m */ = {isa = PBXFileReference; lastKnownFileType = sourcecode.c.objc; path = main.m; sourceTree = "<group>"; };
		EFC6BEA41A6857D400B0EB8F /* AppDelegate.h */ = {isa = PBXFileReference; lastKnownFileType = sourcecode.c.h; path = AppDelegate.h; sourceTree = "<group>"; };
		EFC6BEA51A6857D400B0EB8F /* AppDelegate.m */ = {isa = PBXFileReference; lastKnownFileType = sourcecode.c.objc; path = AppDelegate.m; sourceTree = "<group>"; };
		EFC6BEAB1A6857D400B0EB8F /* Base */ = {isa = PBXFileReference; lastKnownFileType = file.storyboard; name = Base; path = Base.lproj/Main.storyboard; sourceTree = "<group>"; };
		EFC6BEAD1A6857D400B0EB8F /* Images.xcassets */ = {isa = PBXFileReference; lastKnownFileType = folder.assetcatalog; path = Images.xcassets; sourceTree = "<group>"; };
		EFC6BEB01A6857D500B0EB8F /* Base */ = {isa = PBXFileReference; lastKnownFileType = file.xib; name = Base; path = Base.lproj/LaunchScreen.xib; sourceTree = "<group>"; };
		EFC6BEB61A6857D500B0EB8F /* KeyTests.xctest */ = {isa = PBXFileReference; explicitFileType = wrapper.cfbundle; includeInIndex = 0; path = KeyTests.xctest; sourceTree = BUILT_PRODUCTS_DIR; };
		EFC6BEBB1A6857D500B0EB8F /* Info.plist */ = {isa = PBXFileReference; lastKnownFileType = text.plist.xml; path = Info.plist; sourceTree = "<group>"; };
		EFC6BEBC1A6857D500B0EB8F /* KeyTests.m */ = {isa = PBXFileReference; lastKnownFileType = sourcecode.c.objc; path = KeyTests.m; sourceTree = "<group>"; };
		EFC6BEC61A6857E000B0EB8F /* Podfile */ = {isa = PBXFileReference; fileEncoding = 4; lastKnownFileType = text; path = Podfile; sourceTree = "<group>"; xcLanguageSpecificationIdentifier = xcode.lang.ruby; };
		EFCD01D61A83E651005065B2 /* KThread.h */ = {isa = PBXFileReference; fileEncoding = 4; lastKnownFileType = sourcecode.c.h; name = KThread.h; path = Models/KThread.h; sourceTree = "<group>"; };
		EFCD01D71A83E651005065B2 /* KThread.m */ = {isa = PBXFileReference; fileEncoding = 4; lastKnownFileType = sourcecode.c.objc; name = KThread.m; path = Models/KThread.m; sourceTree = "<group>"; };
		EFE5667A1AF1883E00FB1142 /* SelectRecipientViewController.h */ = {isa = PBXFileReference; fileEncoding = 4; lastKnownFileType = sourcecode.c.h; path = SelectRecipientViewController.h; sourceTree = "<group>"; };
		EFE5667B1AF1883E00FB1142 /* SelectRecipientViewController.m */ = {isa = PBXFileReference; fileEncoding = 4; lastKnownFileType = sourcecode.c.objc; path = SelectRecipientViewController.m; sourceTree = "<group>"; };
		EFEBDD361A68CE9600973E15 /* KUser.h */ = {isa = PBXFileReference; fileEncoding = 4; lastKnownFileType = sourcecode.c.h; name = KUser.h; path = Models/KUser.h; sourceTree = "<group>"; };
		EFEBDD371A68CE9600973E15 /* KUser.m */ = {isa = PBXFileReference; fileEncoding = 4; lastKnownFileType = sourcecode.c.objc; name = KUser.m; path = Models/KUser.m; sourceTree = "<group>"; };
		EFEBDD391A6B2C7800973E15 /* KMessage.h */ = {isa = PBXFileReference; fileEncoding = 4; lastKnownFileType = sourcecode.c.h; name = KMessage.h; path = Models/KMessage.h; sourceTree = "<group>"; };
		EFEBDD3A1A6B2C7800973E15 /* KMessage.m */ = {isa = PBXFileReference; fileEncoding = 4; lastKnownFileType = sourcecode.c.objc; name = KMessage.m; path = Models/KMessage.m; sourceTree = "<group>"; };
		EFEBDD421A6B5C1400973E15 /* KGroup.h */ = {isa = PBXFileReference; fileEncoding = 4; lastKnownFileType = sourcecode.c.h; name = KGroup.h; path = Models/KGroup.h; sourceTree = "<group>"; };
		EFEBDD431A6B5C1400973E15 /* KGroup.m */ = {isa = PBXFileReference; fileEncoding = 4; lastKnownFileType = sourcecode.c.objc; name = KGroup.m; path = Models/KGroup.m; sourceTree = "<group>"; };
		EFF70A601AAE19C3006C10D2 /* AES_CBC.h */ = {isa = PBXFileReference; fileEncoding = 4; lastKnownFileType = sourcecode.c.h; path = AES_CBC.h; sourceTree = "<group>"; };
		EFF70A611AAE19C3006C10D2 /* AES_CBC.m */ = {isa = PBXFileReference; fileEncoding = 4; lastKnownFileType = sourcecode.c.objc; path = AES_CBC.m; sourceTree = "<group>"; };
		EFF70A621AAE19C3006C10D2 /* HMAC.h */ = {isa = PBXFileReference; fileEncoding = 4; lastKnownFileType = sourcecode.c.h; path = HMAC.h; sourceTree = "<group>"; };
		EFF70A631AAE19C3006C10D2 /* HMAC.m */ = {isa = PBXFileReference; fileEncoding = 4; lastKnownFileType = sourcecode.c.objc; path = HMAC.m; sourceTree = "<group>"; };
		EFF70A641AAE19C3006C10D2 /* KeyDerivation.h */ = {isa = PBXFileReference; fileEncoding = 4; lastKnownFileType = sourcecode.c.h; path = KeyDerivation.h; sourceTree = "<group>"; };
		EFF70A651AAE19C3006C10D2 /* KeyDerivation.m */ = {isa = PBXFileReference; fileEncoding = 4; lastKnownFileType = sourcecode.c.objc; path = KeyDerivation.m; sourceTree = "<group>"; };
		EFF70A691AAE19C3006C10D2 /* IdentityKey.h */ = {isa = PBXFileReference; fileEncoding = 4; lastKnownFileType = sourcecode.c.h; path = IdentityKey.h; sourceTree = "<group>"; };
		EFF70A6A1AAE19C3006C10D2 /* IdentityKey.m */ = {isa = PBXFileReference; fileEncoding = 4; lastKnownFileType = sourcecode.c.objc; path = IdentityKey.m; sourceTree = "<group>"; };
		EFF70A6B1AAE19C3006C10D2 /* MasterKey.h */ = {isa = PBXFileReference; fileEncoding = 4; lastKnownFileType = sourcecode.c.h; path = MasterKey.h; sourceTree = "<group>"; };
		EFF70A6C1AAE19C3006C10D2 /* MasterKey.m */ = {isa = PBXFileReference; fileEncoding = 4; lastKnownFileType = sourcecode.c.objc; path = MasterKey.m; sourceTree = "<group>"; };
		EFF70A6D1AAE19C3006C10D2 /* MessageKey.h */ = {isa = PBXFileReference; fileEncoding = 4; lastKnownFileType = sourcecode.c.h; path = MessageKey.h; sourceTree = "<group>"; };
		EFF70A6E1AAE19C3006C10D2 /* MessageKey.m */ = {isa = PBXFileReference; fileEncoding = 4; lastKnownFileType = sourcecode.c.objc; path = MessageKey.m; sourceTree = "<group>"; };
		EFF70A6F1AAE19C3006C10D2 /* PreKey.h */ = {isa = PBXFileReference; fileEncoding = 4; lastKnownFileType = sourcecode.c.h; path = PreKey.h; sourceTree = "<group>"; };
		EFF70A701AAE19C3006C10D2 /* PreKey.m */ = {isa = PBXFileReference; fileEncoding = 4; lastKnownFileType = sourcecode.c.objc; path = PreKey.m; sourceTree = "<group>"; };
		EFF70A711AAE19C3006C10D2 /* RootChain.h */ = {isa = PBXFileReference; fileEncoding = 4; lastKnownFileType = sourcecode.c.h; path = RootChain.h; sourceTree = "<group>"; };
		EFF70A721AAE19C3006C10D2 /* RootChain.m */ = {isa = PBXFileReference; fileEncoding = 4; lastKnownFileType = sourcecode.c.objc; path = RootChain.m; sourceTree = "<group>"; };
		EFF70A751AAE19C3006C10D2 /* SessionKeyBundle.h */ = {isa = PBXFileReference; fileEncoding = 4; lastKnownFileType = sourcecode.c.h; path = SessionKeyBundle.h; sourceTree = "<group>"; };
		EFF70A761AAE19C3006C10D2 /* SessionKeyBundle.m */ = {isa = PBXFileReference; fileEncoding = 4; lastKnownFileType = sourcecode.c.objc; path = SessionKeyBundle.m; sourceTree = "<group>"; };
		EFF70A781AAE19C3006C10D2 /* EncryptedMessage.h */ = {isa = PBXFileReference; fileEncoding = 4; lastKnownFileType = sourcecode.c.h; path = EncryptedMessage.h; sourceTree = "<group>"; };
		EFF70A791AAE19C3006C10D2 /* EncryptedMessage.m */ = {isa = PBXFileReference; fileEncoding = 4; lastKnownFileType = sourcecode.c.objc; path = EncryptedMessage.m; sourceTree = "<group>"; };
		EFF70A7A1AAE19C3006C10D2 /* PreKeyExchange.h */ = {isa = PBXFileReference; fileEncoding = 4; lastKnownFileType = sourcecode.c.h; path = PreKeyExchange.h; sourceTree = "<group>"; };
		EFF70A7B1AAE19C3006C10D2 /* PreKeyExchange.m */ = {isa = PBXFileReference; fileEncoding = 4; lastKnownFileType = sourcecode.c.objc; path = PreKeyExchange.m; sourceTree = "<group>"; };
		EFF70A7C1AAE19C3006C10D2 /* PreKeyExchangeReceipt.h */ = {isa = PBXFileReference; fileEncoding = 4; lastKnownFileType = sourcecode.c.h; path = PreKeyExchangeReceipt.h; sourceTree = "<group>"; };
		EFF70A7D1AAE19C3006C10D2 /* PreKeyExchangeReceipt.m */ = {isa = PBXFileReference; fileEncoding = 4; lastKnownFileType = sourcecode.c.objc; path = PreKeyExchangeReceipt.m; sourceTree = "<group>"; };
		EFF70A7F1AAE19C3006C10D2 /* Session.h */ = {isa = PBXFileReference; fileEncoding = 4; lastKnownFileType = sourcecode.c.h; path = Session.h; sourceTree = "<group>"; };
		EFF70A801AAE19C3006C10D2 /* Session.m */ = {isa = PBXFileReference; fileEncoding = 4; lastKnownFileType = sourcecode.c.objc; path = Session.m; sourceTree = "<group>"; };
		EFF70A811AAE19C3006C10D2 /* SessionState.h */ = {isa = PBXFileReference; fileEncoding = 4; lastKnownFileType = sourcecode.c.h; path = SessionState.h; sourceTree = "<group>"; };
		EFF70A821AAE19C3006C10D2 /* SessionState.m */ = {isa = PBXFileReference; fileEncoding = 4; lastKnownFileType = sourcecode.c.objc; path = SessionState.m; sourceTree = "<group>"; };
		EFF70AB71AAE1CBC006C10D2 /* LoginViewController.h */ = {isa = PBXFileReference; fileEncoding = 4; lastKnownFileType = sourcecode.c.h; path = LoginViewController.h; sourceTree = "<group>"; };
		EFF70AB81AAE1CBC006C10D2 /* LoginViewController.m */ = {isa = PBXFileReference; fileEncoding = 4; lastKnownFileType = sourcecode.c.objc; path = LoginViewController.m; sourceTree = "<group>"; };
		EFF70ABB1AAE1CBC006C10D2 /* RegistrationViewController.h */ = {isa = PBXFileReference; fileEncoding = 4; lastKnownFileType = sourcecode.c.h; path = RegistrationViewController.h; sourceTree = "<group>"; };
		EFF70ABC1AAE1CBC006C10D2 /* RegistrationViewController.m */ = {isa = PBXFileReference; fileEncoding = 4; lastKnownFileType = sourcecode.c.objc; path = RegistrationViewController.m; sourceTree = "<group>"; };
		EFF70ABF1AAE1CBC006C10D2 /* WelcomeScreenViewController.h */ = {isa = PBXFileReference; fileEncoding = 4; lastKnownFileType = sourcecode.c.h; path = WelcomeScreenViewController.h; sourceTree = "<group>"; };
		EFF70AC01AAE1CBC006C10D2 /* WelcomeScreenViewController.m */ = {isa = PBXFileReference; fileEncoding = 4; lastKnownFileType = sourcecode.c.objc; path = WelcomeScreenViewController.m; sourceTree = "<group>"; };
/* End PBXFileReference section */

/* Begin PBXFrameworksBuildPhase section */
		EFC6BE9A1A6857D400B0EB8F /* Frameworks */ = {
			isa = PBXFrameworksBuildPhase;
			buildActionMask = 2147483647;
			files = (
				710028D1F762C6FE738F0D7A /* libPods.a in Frameworks */,
			);
			runOnlyForDeploymentPostprocessing = 0;
		};
		EFC6BEB31A6857D500B0EB8F /* Frameworks */ = {
			isa = PBXFrameworksBuildPhase;
			buildActionMask = 2147483647;
			files = (
				49324C749A49C0F4FB711A5D /* libPods.a in Frameworks */,
			);
			runOnlyForDeploymentPostprocessing = 0;
		};
/* End PBXFrameworksBuildPhase section */

/* Begin PBXGroup section */
		3DB3014B76B4E17FDBD64191 /* Pods */ = {
			isa = PBXGroup;
			children = (
				BED4F366B60241C2DC1CBDD5 /* Pods-Key.debug.xcconfig */,
				C461760CA51ABA0BE7C393EF /* Pods-Key.release.xcconfig */,
				7FE65DB16A2581426F9789DA /* Pods-KeyTests.debug.xcconfig */,
				DF6091F2DF6E5A8AC8248FE8 /* Pods-KeyTests.release.xcconfig */,
				DB575E32381FD8118E62EE58 /* Pods.debug.xcconfig */,
				2539EDD7F5AA0C4DFB3367D0 /* Pods.release.xcconfig */,
			);
			name = Pods;
			sourceTree = "<group>";
		};
		BBB3964C9D4C96B33973E253 /* Frameworks */ = {
			isa = PBXGroup;
			children = (
				65563319915893A686117F67 /* libPods.a */,
			);
			name = Frameworks;
			sourceTree = "<group>";
		};
		EF2CDEAB1AB48BFD001E2F20 /* Serializers */ = {
			isa = PBXGroup;
			children = (
				EF2CDED91AB5C998001E2F20 /* FreeKey */,
				EF2CDEAC1AB48C3F001E2F20 /* KUser+Serialize.h */,
				EF2CDEAD1AB48C3F001E2F20 /* KUser+Serialize.m */,
				EF2CDEAF1AB48CB6001E2F20 /* KMessage+Serialize.h */,
				EF2CDEB01AB48CB6001E2F20 /* KMessage+Serialize.m */,
				EF6B44B01ABA877F00B88323 /* KThread+Serialize.h */,
				EF6B44B11ABA877F00B88323 /* KThread+Serialize.m */,
				EF0171781ADF083700AFCBA4 /* KPost+Serialize.h */,
				EF0171791ADF083700AFCBA4 /* KPost+Serialize.m */,
				EFB225F31B4984F200D7E44B /* KPhoto+Serialize.h */,
				EFB225F41B4984F200D7E44B /* KPhoto+Serialize.m */,
				EFB225F61B49851000D7E44B /* KLocation+Serialize.h */,
				EFB225F71B49851000D7E44B /* KLocation+Serialize.m */,
			);
			name = Serializers;
			path = ..;
			sourceTree = "<group>";
		};
		EF2CDED91AB5C998001E2F20 /* FreeKey */ = {
			isa = PBXGroup;
			children = (
				EF2CDEB61AB49A6F001E2F20 /* IdentityKey+Serialize.h */,
				EF2CDEB71AB49A6F001E2F20 /* IdentityKey+Serialize.m */,
			);
			name = FreeKey;
			sourceTree = "<group>";
		};
		EF4920701AD6973F00A9FE89 /* Views */ = {
			isa = PBXGroup;
			children = (
				EF8358231AE02AD800B631AB /* InboxView.xib */,
				EF8358251AE02AED00B631AB /* ShareView.xib */,
				EF8358271AE02B0F00B631AB /* SocialView.xib */,
				EFABC0271B39BEA50062B807 /* MediaView.xib */,
				EFB722721B42360300E6DF7A /* EditMediaView.xib */,
				EFB722741B423DB000E6DF7A /* EditLocationView.xib */,
				EFB7227C1B432C3300E6DF7A /* EditPostView.xib */,
				EFB7227E1B44324E00E6DF7A /* SelectRecipientsView.xib */,
				EFB4A2A61B5211580042F3DF /* ThreadView.xib */,
			);
			name = Views;
			sourceTree = "<group>";
		};
		EF524ACF1AAE238600F3B9AF /* Storage */ = {
			isa = PBXGroup;
			children = (
				EFB226011B4C642600D7E44B /* Migrations */,
				EF2CDEAB1AB48BFD001E2F20 /* Serializers */,
				EF524AD41AAE238600F3B9AF /* KStorageManager.h */,
				EF524AD51AAE238600F3B9AF /* KStorageManager.m */,
				EFB225F91B4ACC3100D7E44B /* KDatabaseObject.h */,
				EFB225FA1B4ACC3100D7E44B /* KDatabaseObject.m */,
				EFB2260A1B4F125B00D7E44B /* KStorageSchema.h */,
				EFB2260B1B4F125B00D7E44B /* KStorageSchema.m */,
			);
			path = Storage;
			sourceTree = "<group>";
		};
		EF524ADF1AAE239800F3B9AF /* Util */ = {
			isa = PBXGroup;
			children = (
				EF524AE01AAE239800F3B9AF /* FreeKeyExceptions.h */,
				EF524AE11AAE239800F3B9AF /* NSData+keyVersionByte.h */,
				EF524AE21AAE239800F3B9AF /* NSData+keyVersionByte.m */,
				EF524AE31AAE239800F3B9AF /* Util.h */,
				EF524AE41AAE239800F3B9AF /* Util.m */,
				EF524AE71AAE247800F3B9AF /* NSData+Base64.h */,
				EF524AE81AAE247800F3B9AF /* NSData+Base64.m */,
				EF524AEA1AAE24B400F3B9AF /* NSString+Base64.h */,
				EF524AEB1AAE24B400F3B9AF /* NSString+Base64.m */,
				EF4920931AD6F82A00A9FE89 /* UIDevice+Messages.h */,
				EF4920941AD6F82A00A9FE89 /* UIDevice+Messages.m */,
				EF4920961AD6F89000A9FE89 /* UIView+Messages.h */,
				EF4920971AD6F89000A9FE89 /* UIView+Messages.m */,
				EF49209F1AD761F700A9FE89 /* UIImage+Messages.h */,
				EF4920A01AD761F700A9FE89 /* UIImage+Messages.m */,
				EF4920A21AD762A400A9FE89 /* NSBundle+Messages.h */,
				EF4920A31AD762A400A9FE89 /* NSBundle+Messages.m */,
				EF4920A91AD7A28D00A9FE89 /* UIColor+Messages.h */,
				EF4920AA1AD7A28D00A9FE89 /* UIColor+Messages.m */,
				EFB226041B4D6BD700D7E44B /* NSObject+Properties.h */,
				EFB226051B4D6BD700D7E44B /* NSObject+Properties.m */,
				EFB226071B4D6E2E00D7E44B /* NSString+PropertyKVC.h */,
				EFB226081B4D6E2E00D7E44B /* NSString+PropertyKVC.m */,
			);
			path = Util;
			sourceTree = "<group>";
		};
		EF524AFD1AAF182800F3B9AF /* Network */ = {
			isa = PBXGroup;
			children = (
				EFC1819B1AC3524F00BE8B0B /* Requests */,
				EF524B081AB0DE4300F3B9AF /* HttpManager.h */,
				EF524B091AB0DE4300F3B9AF /* HttpManager.m */,
				EF0F4DBC1AB8D3BA00BB2AFC /* PushManager.h */,
				EF0F4DBD1AB8D3BA00BB2AFC /* PushManager.m */,
				EFC181981AC3412800BE8B0B /* HttpRequest.h */,
				EFC181991AC3412800BE8B0B /* HttpRequest.m */,
			);
			name = Network;
			sourceTree = "<group>";
		};
		EF524B0B1AB0DE9000F3B9AF /* Protocols */ = {
			isa = PBXGroup;
			children = (
				EF524AFA1AAEA36300F3B9AF /* KEncryptable.h */,
				EF524B0D1AB0DF0D00F3B9AF /* KSendable.h */,
			);
			name = Protocols;
			sourceTree = "<group>";
		};
		EF99E26A1AC5E773002583E2 /* User */ = {
			isa = PBXGroup;
			children = (
				EFC181AB1AC372F500BE8B0B /* GetUserRequest.h */,
				EFC181AC1AC372F500BE8B0B /* GetUserRequest.m */,
				EFC1819C1AC3534F00BE8B0B /* RegisterUsernameRequest.h */,
				EFC1819D1AC3534F00BE8B0B /* RegisterUsernameRequest.m */,
				EFC1819F1AC3715B00BE8B0B /* UpdateUserRequest.h */,
				EFC181A01AC3715B00BE8B0B /* UpdateUserRequest.m */,
				EF99E26D1AC5E7C9002583E2 /* UserRequest.h */,
			);
			name = User;
			sourceTree = "<group>";
		};
		EF99E26B1AC5E787002583E2 /* Message */ = {
			isa = PBXGroup;
			children = (
				EFC181A21AC3717400BE8B0B /* SendMessageRequest.h */,
				EFC181A31AC3717400BE8B0B /* SendMessageRequest.m */,
				EFC181A51AC3719800BE8B0B /* GetMessagesRequest.h */,
				EFC181A61AC3719800BE8B0B /* GetMessagesRequest.m */,
				EF99E27B1AC9D5AC002583E2 /* MessageRequest.h */,
			);
			name = Message;
			sourceTree = "<group>";
		};
		EF99E26C1AC5E793002583E2 /* PreKey */ = {
			isa = PBXGroup;
			children = (
				EFC181A81AC371C300BE8B0B /* SendPreKeysRequest.h */,
				EFC181A91AC371C300BE8B0B /* SendPreKeysRequest.m */,
				EFC181AE1AC3739800BE8B0B /* SendPreKeyExchangeRequest.h */,
				EFC181AF1AC3739800BE8B0B /* SendPreKeyExchangeRequest.m */,
				EF99E26E1AC612EC002583E2 /* GetKeyExchangeRequest.h */,
				EF99E26F1AC612EC002583E2 /* GetKeyExchangeRequest.m */,
				EF99E2711AC61354002583E2 /* PreKeyRequest.h */,
			);
			name = PreKey;
			sourceTree = "<group>";
		};
		EF99E27C1ACB2B91002583E2 /* PushToken */ = {
			isa = PBXGroup;
			children = (
				EF99E27D1ACB2BB9002583E2 /* SendPushTokenRequest.h */,
				EF99E27E1ACB2BB9002583E2 /* SendPushTokenRequest.m */,
				EF99E2811ACB2D1F002583E2 /* PushTokenRequest.h */,
			);
			name = PushToken;
			sourceTree = "<group>";
		};
		EF9A744D1B52B60D009689A7 /* Protocols */ = {
			isa = PBXGroup;
			children = (
				EF9A744E1B52B639009689A7 /* DismissAndPresentProtocol.h */,
			);
			name = Protocols;
			sourceTree = "<group>";
		};
		EFB225FC1B4AD16E00D7E44B /* ModelTests */ = {
			isa = PBXGroup;
			children = (
				EFC6BEBA1A6857D500B0EB8F /* Supporting Files */,
				EF6B44AC1ABA5DDB00B88323 /* KThreadTests.m */,
				EF524B0E1AB31FDF00F3B9AF /* KUserTests.m */,
			);
			name = ModelTests;
			sourceTree = "<group>";
		};
		EFB225FD1B4AD18800D7E44B /* FreeKeyTests */ = {
			isa = PBXGroup;
			children = (
				EF6B44C01ABCDD3600B88323 /* FreeKeyTestExample.h */,
				EF6B44C11ABCDD3600B88323 /* FreeKeyTestExample.m */,
				EF524B001AAF330A00F3B9AF /* FreeKeyTests.m */,
				EF6B44BC1ABC997D00B88323 /* FreeKeySessionManagerTests.m */,
				EF6B44BE1ABC998B00B88323 /* FreeKeyPushManagerTests.m */,
				EF524AFF1AAF330A00F3B9AF /* EncryptedMessageTests.m */,
				EF524AFE1AAF330A00F3B9AF /* CryptoTests.m */,
				EF2CDEBC1AB4A78E001E2F20 /* IdentityKeyTests.m */,
				EF524B021AAF330A00F3B9AF /* SessionTests.m */,
				EF524B011AAF330A00F3B9AF /* PreKeyTests.m */,
			);
			name = FreeKeyTests;
			sourceTree = "<group>";
		};
		EFB226011B4C642600D7E44B /* Migrations */ = {
			isa = PBXGroup;
			children = (
			);
			name = Migrations;
			sourceTree = "<group>";
		};
		EFC1819B1AC3524F00BE8B0B /* Requests */ = {
			isa = PBXGroup;
			children = (
				EF99E27C1ACB2B91002583E2 /* PushToken */,
				EF99E26C1AC5E793002583E2 /* PreKey */,
				EF99E26B1AC5E787002583E2 /* Message */,
				EF99E26A1AC5E773002583E2 /* User */,
			);
			name = Requests;
			sourceTree = "<group>";
		};
		EFC6BE941A6857D400B0EB8F = {
			isa = PBXGroup;
			children = (
				EFC6BEC61A6857E000B0EB8F /* Podfile */,
				EFC6BE9F1A6857D400B0EB8F /* Key */,
				EFC6BEB91A6857D500B0EB8F /* KeyTests */,
				EFC6BE9E1A6857D400B0EB8F /* Products */,
				3DB3014B76B4E17FDBD64191 /* Pods */,
				BBB3964C9D4C96B33973E253 /* Frameworks */,
			);
			sourceTree = "<group>";
		};
		EFC6BE9E1A6857D400B0EB8F /* Products */ = {
			isa = PBXGroup;
			children = (
				EFC6BE9D1A6857D400B0EB8F /* Key.app */,
				EFC6BEB61A6857D500B0EB8F /* KeyTests.xctest */,
			);
			name = Products;
			sourceTree = "<group>";
		};
		EFC6BE9F1A6857D400B0EB8F /* Key */ = {
			isa = PBXGroup;
			children = (
				EFC6BEA41A6857D400B0EB8F /* AppDelegate.h */,
				EFC6BEA51A6857D400B0EB8F /* AppDelegate.m */,
				EFF70AB01AAE1CBC006C10D2 /* Controllers */,
				EFF70A5E1AAE19C3006C10D2 /* FreeKey */,
				EFC6BEAD1A6857D400B0EB8F /* Images.xcassets */,
				EFC6BEAF1A6857D500B0EB8F /* LaunchScreen.xib */,
				EFC6BEAA1A6857D400B0EB8F /* Main.storyboard */,
				EFEBDD321A68673D00973E15 /* Models */,
				EF524AFD1AAF182800F3B9AF /* Network */,
				EF524ACF1AAE238600F3B9AF /* Storage */,
				EFC6BEA01A6857D400B0EB8F /* Supporting Files */,
				EF524ADF1AAE239800F3B9AF /* Util */,
				EF4920701AD6973F00A9FE89 /* Views */,
			);
			path = Key;
			sourceTree = "<group>";
		};
		EFC6BEA01A6857D400B0EB8F /* Supporting Files */ = {
			isa = PBXGroup;
			children = (
				EFC6BEA11A6857D400B0EB8F /* Info.plist */,
				EFC6BEA21A6857D400B0EB8F /* main.m */,
			);
			name = "Supporting Files";
			sourceTree = "<group>";
		};
		EFC6BEB91A6857D500B0EB8F /* KeyTests */ = {
			isa = PBXGroup;
			children = (
				EFB225FD1B4AD18800D7E44B /* FreeKeyTests */,
				EFB225FC1B4AD16E00D7E44B /* ModelTests */,
				EF6B44C31ABDAE1D00B88323 /* HttpManagerTests.m */,
				EFC6BEBC1A6857D500B0EB8F /* KeyTests.m */,
				EFB225FF1B4AD20A00D7E44B /* KStorageManagerTests.m */,
				EFB226021B4CCC5500D7E44B /* KDatabaseObjectTests.m */,
			);
			path = KeyTests;
			sourceTree = "<group>";
		};
		EFC6BEBA1A6857D500B0EB8F /* Supporting Files */ = {
			isa = PBXGroup;
			children = (
				EFC6BEBB1A6857D500B0EB8F /* Info.plist */,
			);
			name = "Supporting Files";
			sourceTree = "<group>";
		};
		EFEBDD321A68673D00973E15 /* Models */ = {
			isa = PBXGroup;
			children = (
				EF524B0B1AB0DE9000F3B9AF /* Protocols */,
				EF973FA31A7E8F5200D92A9E /* KAccountManager.h */,
				EF973FA41A7E8F5200D92A9E /* KAccountManager.m */,
				EFEBDD421A6B5C1400973E15 /* KGroup.h */,
				EFEBDD431A6B5C1400973E15 /* KGroup.m */,
				EFB722831B45E57700E6DF7A /* KLocation.h */,
				EFB722841B45E57700E6DF7A /* KLocation.m */,
				EFEBDD391A6B2C7800973E15 /* KMessage.h */,
				EFEBDD3A1A6B2C7800973E15 /* KMessage.m */,
				EFAC97CF1B2E171600B4FD0F /* KOutgoingObject.h */,
				EFAC97D01B2E171600B4FD0F /* KOutgoingObject.m */,
				EFB722801B45E53800E6DF7A /* KPhoto.h */,
				EFB722811B45E53800E6DF7A /* KPhoto.m */,
				EF01716F1ADF07BB00AFCBA4 /* KPost.h */,
				EF0171701ADF07BB00AFCBA4 /* KPost.m */,
				EFCD01D61A83E651005065B2 /* KThread.h */,
				EFCD01D71A83E651005065B2 /* KThread.m */,
				EFEBDD361A68CE9600973E15 /* KUser.h */,
				EFEBDD371A68CE9600973E15 /* KUser.m */,
			);
			name = Models;
			sourceTree = "<group>";
		};
		EFF70A5E1AAE19C3006C10D2 /* FreeKey */ = {
			isa = PBXGroup;
			children = (
				EFF70A5F1AAE19C3006C10D2 /* Crypto */,
				EFF70A661AAE19C3006C10D2 /* Keys */,
				EFF70A771AAE19C3006C10D2 /* Messages */,
				EFF70A7E1AAE19C3006C10D2 /* Sessions */,
				EF524AF31AAE2BAC00F3B9AF /* FreeKey.h */,
				EF524AF41AAE2BAC00F3B9AF /* FreeKey.m */,
				EF6B44B61ABC943C00B88323 /* FreeKeyNetworkManager.h */,
				EF6B44B71ABC943C00B88323 /* FreeKeyNetworkManager.m */,
				EF6B44B91ABC944B00B88323 /* FreeKeySessionManager.h */,
				EF6B44BA1ABC944B00B88323 /* FreeKeySessionManager.m */,
				EF99E2751AC72F71002583E2 /* FreeKeyResponseHandler.h */,
				EF99E2761AC72F71002583E2 /* FreeKeyResponseHandler.m */,
			);
			path = FreeKey;
			sourceTree = "<group>";
		};
		EFF70A5F1AAE19C3006C10D2 /* Crypto */ = {
			isa = PBXGroup;
			children = (
				EFF70A601AAE19C3006C10D2 /* AES_CBC.h */,
				EFF70A611AAE19C3006C10D2 /* AES_CBC.m */,
				EFF70A621AAE19C3006C10D2 /* HMAC.h */,
				EFF70A631AAE19C3006C10D2 /* HMAC.m */,
				EFF70A641AAE19C3006C10D2 /* KeyDerivation.h */,
				EFF70A651AAE19C3006C10D2 /* KeyDerivation.m */,
			);
			path = Crypto;
			sourceTree = "<group>";
		};
		EFF70A661AAE19C3006C10D2 /* Keys */ = {
			isa = PBXGroup;
			children = (
				EFF70A691AAE19C3006C10D2 /* IdentityKey.h */,
				EFF70A6A1AAE19C3006C10D2 /* IdentityKey.m */,
				EFF70A6B1AAE19C3006C10D2 /* MasterKey.h */,
				EFF70A6C1AAE19C3006C10D2 /* MasterKey.m */,
				EFF70A6D1AAE19C3006C10D2 /* MessageKey.h */,
				EFF70A6E1AAE19C3006C10D2 /* MessageKey.m */,
				EFF70A6F1AAE19C3006C10D2 /* PreKey.h */,
				EFF70A701AAE19C3006C10D2 /* PreKey.m */,
				EFF70A711AAE19C3006C10D2 /* RootChain.h */,
				EFF70A721AAE19C3006C10D2 /* RootChain.m */,
				EFF70A751AAE19C3006C10D2 /* SessionKeyBundle.h */,
				EFF70A761AAE19C3006C10D2 /* SessionKeyBundle.m */,
			);
			path = Keys;
			sourceTree = "<group>";
		};
		EFF70A771AAE19C3006C10D2 /* Messages */ = {
			isa = PBXGroup;
			children = (
				EF0171721ADF07D100AFCBA4 /* KAttachment.h */,
				EF0171731ADF07D100AFCBA4 /* KAttachment.m */,
				EFF70A781AAE19C3006C10D2 /* EncryptedMessage.h */,
				EFF70A791AAE19C3006C10D2 /* EncryptedMessage.m */,
				EFF70A7A1AAE19C3006C10D2 /* PreKeyExchange.h */,
				EFF70A7B1AAE19C3006C10D2 /* PreKeyExchange.m */,
				EFF70A7C1AAE19C3006C10D2 /* PreKeyExchangeReceipt.h */,
				EFF70A7D1AAE19C3006C10D2 /* PreKeyExchangeReceipt.m */,
			);
			path = Messages;
			sourceTree = "<group>";
		};
		EFF70A7E1AAE19C3006C10D2 /* Sessions */ = {
			isa = PBXGroup;
			children = (
				EFF70A7F1AAE19C3006C10D2 /* Session.h */,
				EFF70A801AAE19C3006C10D2 /* Session.m */,
				EFF70A811AAE19C3006C10D2 /* SessionState.h */,
				EFF70A821AAE19C3006C10D2 /* SessionState.m */,
			);
			path = Sessions;
			sourceTree = "<group>";
		};
		EFF70AB01AAE1CBC006C10D2 /* Controllers */ = {
			isa = PBXGroup;
			children = (
				EF9A744D1B52B60D009689A7 /* Protocols */,
				EFABC02F1B39EA6B0062B807 /* CameraViewController.h */,
				EFABC0301B39EA6B0062B807 /* CameraViewController.m */,
				EF6B44A61ABA2F8A00B88323 /* ContactViewController.h */,
				EF6B44A71ABA2F8A00B88323 /* ContactViewController.m */,
				EFB722761B4240B200E6DF7A /* EditLocationViewController.h */,
				EFB722771B4240B200E6DF7A /* EditLocationViewController.m */,
				EFB7226F1B41A25700E6DF7A /* EditMediaViewController.h */,
				EFB722701B41A25700E6DF7A /* EditMediaViewController.m */,
				EFB722791B432BFE00E6DF7A /* EditPostViewController.h */,
				EFB7227A1B432BFE00E6DF7A /* EditPostViewController.m */,
				EF78AA541B33622300A4627F /* HomeNavigationViewController.h */,
				EF78AA551B33622300A4627F /* HomeNavigationViewController.m */,
				EF0F4DC21ABA19DE00BB2AFC /* HomeViewController.h */,
				EF0F4DC31ABA19DE00BB2AFC /* HomeViewController.m */,
				EF3D09E11AE036EB0044E9F6 /* InboxViewController.h */,
				EF3D09E21AE036EB0044E9F6 /* InboxViewController.m */,
				EFF70AB71AAE1CBC006C10D2 /* LoginViewController.h */,
				EFF70AB81AAE1CBC006C10D2 /* LoginViewController.m */,
				EFB225F01B48C4EF00D7E44B /* MediaViewController.h */,
				EFB225F11B48C4EF00D7E44B /* MediaViewController.m */,
				EFF70ABB1AAE1CBC006C10D2 /* RegistrationViewController.h */,
				EFF70ABC1AAE1CBC006C10D2 /* RegistrationViewController.m */,
				EFE5667A1AF1883E00FB1142 /* SelectRecipientViewController.h */,
				EFE5667B1AF1883E00FB1142 /* SelectRecipientViewController.m */,
				EF0171691ADD936C00AFCBA4 /* ShareViewController.h */,
				EF01716A1ADD936C00AFCBA4 /* ShareViewController.m */,
				EF01716C1ADD93B500AFCBA4 /* SocialViewController.h */,
				EF01716D1ADD93B500AFCBA4 /* SocialViewController.m */,
				EF6B44A91ABA399D00B88323 /* ThreadViewController.h */,
				EF6B44AA1ABA399D00B88323 /* ThreadViewController.m */,
				EFF70ABF1AAE1CBC006C10D2 /* WelcomeScreenViewController.h */,
				EFF70AC01AAE1CBC006C10D2 /* WelcomeScreenViewController.m */,
				EF9A744F1B54A735009689A7 /* ThreadHeader.h */,
				EF9A74501B54A735009689A7 /* ThreadHeader.m */,
			);
			path = Controllers;
			sourceTree = "<group>";
		};
/* End PBXGroup section */

/* Begin PBXNativeTarget section */
		EFC6BE9C1A6857D400B0EB8F /* Key */ = {
			isa = PBXNativeTarget;
			buildConfigurationList = EFC6BEC01A6857D500B0EB8F /* Build configuration list for PBXNativeTarget "Key" */;
			buildPhases = (
				F40A144B0A0E9B9DD7931A4A /* Check Pods Manifest.lock */,
				EFC6BE991A6857D400B0EB8F /* Sources */,
				EFC6BE9A1A6857D400B0EB8F /* Frameworks */,
				EFC6BE9B1A6857D400B0EB8F /* Resources */,
				BE73D807D467778EBD80446C /* Copy Pods Resources */,
			);
			buildRules = (
			);
			dependencies = (
			);
			name = Key;
			productName = Key;
			productReference = EFC6BE9D1A6857D400B0EB8F /* Key.app */;
			productType = "com.apple.product-type.application";
		};
		EFC6BEB51A6857D500B0EB8F /* KeyTests */ = {
			isa = PBXNativeTarget;
			buildConfigurationList = EFC6BEC31A6857D500B0EB8F /* Build configuration list for PBXNativeTarget "KeyTests" */;
			buildPhases = (
				E8358865053C47C29C4025DC /* Check Pods Manifest.lock */,
				EFC6BEB21A6857D500B0EB8F /* Sources */,
				EFC6BEB31A6857D500B0EB8F /* Frameworks */,
				EFC6BEB41A6857D500B0EB8F /* Resources */,
				84792187FDA0FC17998EBCD5 /* Copy Pods Resources */,
			);
			buildRules = (
			);
			dependencies = (
				EFC6BEB81A6857D500B0EB8F /* PBXTargetDependency */,
			);
			name = KeyTests;
			productName = KeyTests;
			productReference = EFC6BEB61A6857D500B0EB8F /* KeyTests.xctest */;
			productType = "com.apple.product-type.bundle.unit-test";
		};
/* End PBXNativeTarget section */

/* Begin PBXProject section */
		EFC6BE951A6857D400B0EB8F /* Project object */ = {
			isa = PBXProject;
			attributes = {
				LastUpgradeCheck = 0610;
				ORGANIZATIONNAME = "Brendan Farmer";
				TargetAttributes = {
					EFC6BE9C1A6857D400B0EB8F = {
						CreatedOnToolsVersion = 6.1.1;
						DevelopmentTeam = WUMAYLESG2;
					};
					EFC6BEB51A6857D500B0EB8F = {
						CreatedOnToolsVersion = 6.1.1;
						TestTargetID = EFC6BE9C1A6857D400B0EB8F;
					};
				};
			};
			buildConfigurationList = EFC6BE981A6857D400B0EB8F /* Build configuration list for PBXProject "Key" */;
			compatibilityVersion = "Xcode 3.2";
			developmentRegion = English;
			hasScannedForEncodings = 0;
			knownRegions = (
				en,
				Base,
			);
			mainGroup = EFC6BE941A6857D400B0EB8F;
			productRefGroup = EFC6BE9E1A6857D400B0EB8F /* Products */;
			projectDirPath = "";
			projectRoot = "";
			targets = (
				EFC6BE9C1A6857D400B0EB8F /* Key */,
				EFC6BEB51A6857D500B0EB8F /* KeyTests */,
			);
		};
/* End PBXProject section */

/* Begin PBXResourcesBuildPhase section */
		EFC6BE9B1A6857D400B0EB8F /* Resources */ = {
			isa = PBXResourcesBuildPhase;
			buildActionMask = 2147483647;
			files = (
				EFB7227D1B432C3300E6DF7A /* EditPostView.xib in Resources */,
				EFC6BEAC1A6857D400B0EB8F /* Main.storyboard in Resources */,
				EFB7227F1B44324E00E6DF7A /* SelectRecipientsView.xib in Resources */,
				EF8358281AE02B0F00B631AB /* SocialView.xib in Resources */,
				EFC6BEB11A6857D500B0EB8F /* LaunchScreen.xib in Resources */,
				EFABC0281B39BEA50062B807 /* MediaView.xib in Resources */,
				EF8358261AE02AED00B631AB /* ShareView.xib in Resources */,
				EFB722731B42360300E6DF7A /* EditMediaView.xib in Resources */,
				EFC6BEC71A6857E000B0EB8F /* Podfile in Resources */,
				EFC6BEAE1A6857D500B0EB8F /* Images.xcassets in Resources */,
				EF8358241AE02AD800B631AB /* InboxView.xib in Resources */,
				EFB722751B423DB000E6DF7A /* EditLocationView.xib in Resources */,
				EFB4A2A71B5211580042F3DF /* ThreadView.xib in Resources */,
			);
			runOnlyForDeploymentPostprocessing = 0;
		};
		EFC6BEB41A6857D500B0EB8F /* Resources */ = {
			isa = PBXResourcesBuildPhase;
			buildActionMask = 2147483647;
			files = (
			);
			runOnlyForDeploymentPostprocessing = 0;
		};
/* End PBXResourcesBuildPhase section */

/* Begin PBXShellScriptBuildPhase section */
		84792187FDA0FC17998EBCD5 /* Copy Pods Resources */ = {
			isa = PBXShellScriptBuildPhase;
			buildActionMask = 2147483647;
			files = (
			);
			inputPaths = (
			);
			name = "Copy Pods Resources";
			outputPaths = (
			);
			runOnlyForDeploymentPostprocessing = 0;
			shellPath = /bin/sh;
			shellScript = "\"${SRCROOT}/Pods/Target Support Files/Pods/Pods-resources.sh\"\n";
			showEnvVarsInLog = 0;
		};
		BE73D807D467778EBD80446C /* Copy Pods Resources */ = {
			isa = PBXShellScriptBuildPhase;
			buildActionMask = 2147483647;
			files = (
			);
			inputPaths = (
			);
			name = "Copy Pods Resources";
			outputPaths = (
			);
			runOnlyForDeploymentPostprocessing = 0;
			shellPath = /bin/sh;
			shellScript = "\"${SRCROOT}/Pods/Target Support Files/Pods/Pods-resources.sh\"\n";
			showEnvVarsInLog = 0;
		};
		E8358865053C47C29C4025DC /* Check Pods Manifest.lock */ = {
			isa = PBXShellScriptBuildPhase;
			buildActionMask = 2147483647;
			files = (
			);
			inputPaths = (
			);
			name = "Check Pods Manifest.lock";
			outputPaths = (
			);
			runOnlyForDeploymentPostprocessing = 0;
			shellPath = /bin/sh;
			shellScript = "diff \"${PODS_ROOT}/../Podfile.lock\" \"${PODS_ROOT}/Manifest.lock\" > /dev/null\nif [[ $? != 0 ]] ; then\n    cat << EOM\nerror: The sandbox is not in sync with the Podfile.lock. Run 'pod install' or update your CocoaPods installation.\nEOM\n    exit 1\nfi\n";
			showEnvVarsInLog = 0;
		};
		F40A144B0A0E9B9DD7931A4A /* Check Pods Manifest.lock */ = {
			isa = PBXShellScriptBuildPhase;
			buildActionMask = 2147483647;
			files = (
			);
			inputPaths = (
			);
			name = "Check Pods Manifest.lock";
			outputPaths = (
			);
			runOnlyForDeploymentPostprocessing = 0;
			shellPath = /bin/sh;
			shellScript = "diff \"${PODS_ROOT}/../Podfile.lock\" \"${PODS_ROOT}/Manifest.lock\" > /dev/null\nif [[ $? != 0 ]] ; then\n    cat << EOM\nerror: The sandbox is not in sync with the Podfile.lock. Run 'pod install' or update your CocoaPods installation.\nEOM\n    exit 1\nfi\n";
			showEnvVarsInLog = 0;
		};
/* End PBXShellScriptBuildPhase section */

/* Begin PBXSourcesBuildPhase section */
		EFC6BE991A6857D400B0EB8F /* Sources */ = {
			isa = PBXSourcesBuildPhase;
			buildActionMask = 2147483647;
			files = (
				EFB225EF1B48853800D7E44B /* SelectRecipientViewController.h in Sources */,
				EFF70A871AAE19C3006C10D2 /* HMAC.m in Sources */,
				EFC181AA1AC371C300BE8B0B /* SendPreKeysRequest.m in Sources */,
				EFB225F21B48C4EF00D7E44B /* MediaViewController.m in Sources */,
				EF2CDEB81AB49A6F001E2F20 /* IdentityKey+Serialize.m in Sources */,
				EFF70A861AAE19C3006C10D2 /* AES_CBC.m in Sources */,
				EF524B0A1AB0DE4300F3B9AF /* HttpManager.m in Sources */,
				EFAC97D11B2E171600B4FD0F /* KOutgoingObject.m in Sources */,
				EF3D09E31AE036EB0044E9F6 /* InboxViewController.m in Sources */,
				EF524AEC1AAE24B400F3B9AF /* NSString+Base64.m in Sources */,
				EF524AE51AAE239800F3B9AF /* NSData+keyVersionByte.m in Sources */,
				EFEBDD381A68CE9600973E15 /* KUser.m in Sources */,
				EF99E2701AC612EC002583E2 /* GetKeyExchangeRequest.m in Sources */,
				EF78AA561B33622300A4627F /* HomeNavigationViewController.m in Sources */,
				EFF70AC41AAE1CBC006C10D2 /* LoginViewController.m in Sources */,
				EFCD01D81A83E651005065B2 /* KThread.m in Sources */,
				EF99E27F1ACB2BB9002583E2 /* SendPushTokenRequest.m in Sources */,
				EFB722851B45E57700E6DF7A /* KLocation.m in Sources */,
				EF4920AB1AD7A28D00A9FE89 /* UIColor+Messages.m in Sources */,
				EFC181A71AC3719800BE8B0B /* GetMessagesRequest.m in Sources */,
				EF524ADC1AAE238600F3B9AF /* KStorageManager.m in Sources */,
				EFEBDD441A6B5C1400973E15 /* KGroup.m in Sources */,
				EF524AE91AAE247800F3B9AF /* NSData+Base64.m in Sources */,
				EFEBDD3B1A6B2C7800973E15 /* KMessage.m in Sources */,
				EFF70AC61AAE1CBC006C10D2 /* RegistrationViewController.m in Sources */,
				EF9A74511B54A735009689A7 /* ThreadHeader.m in Sources */,
				EF6B44BB1ABC944B00B88323 /* FreeKeySessionManager.m in Sources */,
				EFF70A8B1AAE19C3006C10D2 /* MasterKey.m in Sources */,
				EFB226061B4D6BD700D7E44B /* NSObject+Properties.m in Sources */,
				EF2CDEB11AB48CB6001E2F20 /* KMessage+Serialize.m in Sources */,
				EFF70A8A1AAE19C3006C10D2 /* IdentityKey.m in Sources */,
				EFF70A881AAE19C3006C10D2 /* KeyDerivation.m in Sources */,
				EFC181B01AC3739800BE8B0B /* SendPreKeyExchangeRequest.m in Sources */,
				EF524AE61AAE239800F3B9AF /* Util.m in Sources */,
				EF4920981AD6F89000A9FE89 /* UIView+Messages.m in Sources */,
				EFF70A921AAE19C3006C10D2 /* PreKeyExchange.m in Sources */,
				EF6B44AB1ABA399D00B88323 /* ThreadViewController.m in Sources */,
				EFB722711B41A25700E6DF7A /* EditMediaViewController.m in Sources */,
				EFB7227B1B432BFE00E6DF7A /* EditPostViewController.m in Sources */,
				EFC6BEA61A6857D400B0EB8F /* AppDelegate.m in Sources */,
				EFC181A11AC3715B00BE8B0B /* UpdateUserRequest.m in Sources */,
				EFF70A931AAE19C3006C10D2 /* PreKeyExchangeReceipt.m in Sources */,
				EF973FA51A7E8F5200D92A9E /* KAccountManager.m in Sources */,
				EFC1819A1AC3412800BE8B0B /* HttpRequest.m in Sources */,
				EF01716E1ADD93B500AFCBA4 /* SocialViewController.m in Sources */,
				EFF70A901AAE19C3006C10D2 /* SessionKeyBundle.m in Sources */,
				EFB225F51B4984F200D7E44B /* KPhoto+Serialize.m in Sources */,
				EF6B44B21ABA877F00B88323 /* KThread+Serialize.m in Sources */,
				EFF70A951AAE19C3006C10D2 /* SessionState.m in Sources */,
				EFF70A8D1AAE19C3006C10D2 /* PreKey.m in Sources */,
				EFC181AD1AC372F500BE8B0B /* GetUserRequest.m in Sources */,
				EFC6BEA31A6857D400B0EB8F /* main.m in Sources */,
				EF4920A11AD761F700A9FE89 /* UIImage+Messages.m in Sources */,
				EFB226091B4D6E2E00D7E44B /* NSString+PropertyKVC.m in Sources */,
				EF99E2771AC72F71002583E2 /* FreeKeyResponseHandler.m in Sources */,
				EFB722781B4240B200E6DF7A /* EditLocationViewController.m in Sources */,
				EFB2260C1B4F125B00D7E44B /* KStorageSchema.m in Sources */,
				EFF70A911AAE19C3006C10D2 /* EncryptedMessage.m in Sources */,
				EF6B44B81ABC943C00B88323 /* FreeKeyNetworkManager.m in Sources */,
				EF4920951AD6F82A00A9FE89 /* UIDevice+Messages.m in Sources */,
				EF524AF51AAE2BAC00F3B9AF /* FreeKey.m in Sources */,
				EFE5667C1AF1883E00FB1142 /* SelectRecipientViewController.m in Sources */,
				EF0F4DBE1AB8D3BA00BB2AFC /* PushManager.m in Sources */,
				EFF70A8E1AAE19C3006C10D2 /* RootChain.m in Sources */,
				EF6B44A81ABA2F8A00B88323 /* ContactViewController.m in Sources */,
				EFC1819E1AC3534F00BE8B0B /* RegisterUsernameRequest.m in Sources */,
				EFB225F81B49851000D7E44B /* KLocation+Serialize.m in Sources */,
				EF0F4DC41ABA19DE00BB2AFC /* HomeViewController.m in Sources */,
				EF4920A41AD762A400A9FE89 /* NSBundle+Messages.m in Sources */,
				EFB225FB1B4ACC3100D7E44B /* KDatabaseObject.m in Sources */,
				EFF70A941AAE19C3006C10D2 /* Session.m in Sources */,
				EFF70AC81AAE1CBC006C10D2 /* WelcomeScreenViewController.m in Sources */,
				EF2CDEAE1AB48C3F001E2F20 /* KUser+Serialize.m in Sources */,
				EFB722821B45E53800E6DF7A /* KPhoto.m in Sources */,
				EFABC0311B39EA6B0062B807 /* CameraViewController.m in Sources */,
				EF0171711ADF07BB00AFCBA4 /* KPost.m in Sources */,
				EFF70A8C1AAE19C3006C10D2 /* MessageKey.m in Sources */,
				EF0171741ADF07D100AFCBA4 /* KAttachment.m in Sources */,
				EFC181A41AC3717400BE8B0B /* SendMessageRequest.m in Sources */,
				EF01717A1ADF083700AFCBA4 /* KPost+Serialize.m in Sources */,
				EF01716B1ADD936C00AFCBA4 /* ShareViewController.m in Sources */,
			);
			runOnlyForDeploymentPostprocessing = 0;
		};
		EFC6BEB21A6857D500B0EB8F /* Sources */ = {
			isa = PBXSourcesBuildPhase;
			buildActionMask = 2147483647;
			files = (
				EF6B44BF1ABC998B00B88323 /* FreeKeyPushManagerTests.m in Sources */,
				EF6B44BD1ABC997D00B88323 /* FreeKeySessionManagerTests.m in Sources */,
				EF6B44AD1ABA5DDB00B88323 /* KThreadTests.m in Sources */,
				EF524B031AAF330A00F3B9AF /* CryptoTests.m in Sources */,
				EF524B061AAF330A00F3B9AF /* PreKeyTests.m in Sources */,
				EF6B44C21ABCDD3600B88323 /* FreeKeyTestExample.m in Sources */,
				EF6B44C41ABDAE1D00B88323 /* HttpManagerTests.m in Sources */,
				EFB226001B4AD20A00D7E44B /* KStorageManagerTests.m in Sources */,
				EFC6BEBD1A6857D500B0EB8F /* KeyTests.m in Sources */,
				EF2CDEBD1AB4A78E001E2F20 /* IdentityKeyTests.m in Sources */,
				EFE5667D1AF1883E00FB1142 /* SelectRecipientViewController.m in Sources */,
				EFB226031B4CCC5500D7E44B /* KDatabaseObjectTests.m in Sources */,
				EF524B041AAF330A00F3B9AF /* EncryptedMessageTests.m in Sources */,
				EF524B0F1AB31FDF00F3B9AF /* KUserTests.m in Sources */,
				EF524B071AAF330A00F3B9AF /* SessionTests.m in Sources */,
				EF524B051AAF330A00F3B9AF /* FreeKeyTests.m in Sources */,
			);
			runOnlyForDeploymentPostprocessing = 0;
		};
/* End PBXSourcesBuildPhase section */

/* Begin PBXTargetDependency section */
		EFC6BEB81A6857D500B0EB8F /* PBXTargetDependency */ = {
			isa = PBXTargetDependency;
			target = EFC6BE9C1A6857D400B0EB8F /* Key */;
			targetProxy = EFC6BEB71A6857D500B0EB8F /* PBXContainerItemProxy */;
		};
/* End PBXTargetDependency section */

/* Begin PBXVariantGroup section */
		EFC6BEAA1A6857D400B0EB8F /* Main.storyboard */ = {
			isa = PBXVariantGroup;
			children = (
				EFC6BEAB1A6857D400B0EB8F /* Base */,
			);
			name = Main.storyboard;
			sourceTree = "<group>";
		};
		EFC6BEAF1A6857D500B0EB8F /* LaunchScreen.xib */ = {
			isa = PBXVariantGroup;
			children = (
				EFC6BEB01A6857D500B0EB8F /* Base */,
			);
			name = LaunchScreen.xib;
			sourceTree = "<group>";
		};
/* End PBXVariantGroup section */

/* Begin XCBuildConfiguration section */
		EFC6BEBE1A6857D500B0EB8F /* Debug */ = {
			isa = XCBuildConfiguration;
			buildSettings = {
				ALWAYS_SEARCH_USER_PATHS = NO;
				CLANG_CXX_LANGUAGE_STANDARD = "gnu++0x";
				CLANG_CXX_LIBRARY = "libc++";
				CLANG_ENABLE_MODULES = YES;
				CLANG_ENABLE_OBJC_ARC = YES;
				CLANG_WARN_BOOL_CONVERSION = YES;
				CLANG_WARN_CONSTANT_CONVERSION = YES;
				CLANG_WARN_DIRECT_OBJC_ISA_USAGE = YES_ERROR;
				CLANG_WARN_EMPTY_BODY = YES;
				CLANG_WARN_ENUM_CONVERSION = YES;
				CLANG_WARN_INT_CONVERSION = YES;
				CLANG_WARN_OBJC_ROOT_CLASS = YES_ERROR;
				CLANG_WARN_UNREACHABLE_CODE = YES;
				CLANG_WARN__DUPLICATE_METHOD_MATCH = YES;
				CODE_SIGN_IDENTITY = "iPhone Developer";
				"CODE_SIGN_IDENTITY[sdk=iphoneos*]" = "iPhone Developer";
				COPY_PHASE_STRIP = NO;
				ENABLE_STRICT_OBJC_MSGSEND = YES;
				GCC_C_LANGUAGE_STANDARD = gnu99;
				GCC_DYNAMIC_NO_PIC = NO;
				GCC_OPTIMIZATION_LEVEL = 0;
				GCC_PREPROCESSOR_DEFINITIONS = (
					"DEBUG=1",
					"$(inherited)",
				);
				GCC_SYMBOLS_PRIVATE_EXTERN = NO;
				GCC_WARN_64_TO_32_BIT_CONVERSION = YES;
				GCC_WARN_ABOUT_RETURN_TYPE = YES_ERROR;
				GCC_WARN_UNDECLARED_SELECTOR = YES;
				GCC_WARN_UNINITIALIZED_AUTOS = YES_AGGRESSIVE;
				GCC_WARN_UNUSED_FUNCTION = YES;
				GCC_WARN_UNUSED_VARIABLE = YES;
				IPHONEOS_DEPLOYMENT_TARGET = 7.0;
				MTL_ENABLE_DEBUG_INFO = YES;
				ONLY_ACTIVE_ARCH = YES;
				SDKROOT = iphoneos;
			};
			name = Debug;
		};
		EFC6BEBF1A6857D500B0EB8F /* Release */ = {
			isa = XCBuildConfiguration;
			buildSettings = {
				ALWAYS_SEARCH_USER_PATHS = NO;
				CLANG_CXX_LANGUAGE_STANDARD = "gnu++0x";
				CLANG_CXX_LIBRARY = "libc++";
				CLANG_ENABLE_MODULES = YES;
				CLANG_ENABLE_OBJC_ARC = YES;
				CLANG_WARN_BOOL_CONVERSION = YES;
				CLANG_WARN_CONSTANT_CONVERSION = YES;
				CLANG_WARN_DIRECT_OBJC_ISA_USAGE = YES_ERROR;
				CLANG_WARN_EMPTY_BODY = YES;
				CLANG_WARN_ENUM_CONVERSION = YES;
				CLANG_WARN_INT_CONVERSION = YES;
				CLANG_WARN_OBJC_ROOT_CLASS = YES_ERROR;
				CLANG_WARN_UNREACHABLE_CODE = YES;
				CLANG_WARN__DUPLICATE_METHOD_MATCH = YES;
				CODE_SIGN_IDENTITY = "iPhone Developer";
				"CODE_SIGN_IDENTITY[sdk=iphoneos*]" = "iPhone Developer";
				COPY_PHASE_STRIP = YES;
				ENABLE_NS_ASSERTIONS = NO;
				ENABLE_STRICT_OBJC_MSGSEND = YES;
				GCC_C_LANGUAGE_STANDARD = gnu99;
				GCC_WARN_64_TO_32_BIT_CONVERSION = YES;
				GCC_WARN_ABOUT_RETURN_TYPE = YES_ERROR;
				GCC_WARN_UNDECLARED_SELECTOR = YES;
				GCC_WARN_UNINITIALIZED_AUTOS = YES_AGGRESSIVE;
				GCC_WARN_UNUSED_FUNCTION = YES;
				GCC_WARN_UNUSED_VARIABLE = YES;
				IPHONEOS_DEPLOYMENT_TARGET = 7.0;
				MTL_ENABLE_DEBUG_INFO = NO;
				SDKROOT = iphoneos;
				VALIDATE_PRODUCT = YES;
			};
			name = Release;
		};
		EFC6BEC11A6857D500B0EB8F /* Debug */ = {
			isa = XCBuildConfiguration;
			baseConfigurationReference = DB575E32381FD8118E62EE58 /* Pods.debug.xcconfig */;
			buildSettings = {
				ASSETCATALOG_COMPILER_APPICON_NAME = AppIcon;
				CODE_SIGN_IDENTITY = "iPhone Developer";
				"CODE_SIGN_IDENTITY[sdk=iphoneos*]" = "iPhone Developer";
				"HEADER_SEARCH_PATHS[arch=*]" = "";
				INFOPLIST_FILE = Key/Info.plist;
				IPHONEOS_DEPLOYMENT_TARGET = 8.0;
				LD_RUNPATH_SEARCH_PATHS = "$(inherited) @executable_path/Frameworks";
				PRODUCT_NAME = "$(TARGET_NAME)";
				PROVISIONING_PROFILE = "";
			};
			name = Debug;
		};
		EFC6BEC21A6857D500B0EB8F /* Release */ = {
			isa = XCBuildConfiguration;
			baseConfigurationReference = 2539EDD7F5AA0C4DFB3367D0 /* Pods.release.xcconfig */;
			buildSettings = {
				ASSETCATALOG_COMPILER_APPICON_NAME = AppIcon;
				CODE_SIGN_IDENTITY = "iPhone Developer";
				"CODE_SIGN_IDENTITY[sdk=iphoneos*]" = "iPhone Developer";
				"HEADER_SEARCH_PATHS[arch=*]" = "";
				INFOPLIST_FILE = Key/Info.plist;
				IPHONEOS_DEPLOYMENT_TARGET = 8.0;
				LD_RUNPATH_SEARCH_PATHS = "$(inherited) @executable_path/Frameworks";
				"LIBRARY_SEARCH_PATHS[arch=*]" = "";
				PRODUCT_NAME = "$(TARGET_NAME)";
				PROVISIONING_PROFILE = "";
			};
			name = Release;
		};
		EFC6BEC41A6857D500B0EB8F /* Debug */ = {
			isa = XCBuildConfiguration;
			baseConfigurationReference = DB575E32381FD8118E62EE58 /* Pods.debug.xcconfig */;
			buildSettings = {
				BUNDLE_LOADER = "$(TEST_HOST)";
				FRAMEWORK_SEARCH_PATHS = (
					"$(SDKROOT)/Developer/Library/Frameworks",
					"$(inherited)",
				);
				GCC_PREPROCESSOR_DEFINITIONS = (
					"DEBUG=1",
					"$(inherited)",
				);
				INFOPLIST_FILE = KeyTests/Info.plist;
				LD_RUNPATH_SEARCH_PATHS = "$(inherited) @executable_path/Frameworks @loader_path/Frameworks";
				PRODUCT_NAME = "$(TARGET_NAME)";
				TEST_HOST = "$(BUILT_PRODUCTS_DIR)/Key.app/Key";
			};
			name = Debug;
		};
		EFC6BEC51A6857D500B0EB8F /* Release */ = {
			isa = XCBuildConfiguration;
			baseConfigurationReference = 2539EDD7F5AA0C4DFB3367D0 /* Pods.release.xcconfig */;
			buildSettings = {
				BUNDLE_LOADER = "$(TEST_HOST)";
				FRAMEWORK_SEARCH_PATHS = (
					"$(SDKROOT)/Developer/Library/Frameworks",
					"$(inherited)",
				);
				INFOPLIST_FILE = KeyTests/Info.plist;
				LD_RUNPATH_SEARCH_PATHS = "$(inherited) @executable_path/Frameworks @loader_path/Frameworks";
				PRODUCT_NAME = "$(TARGET_NAME)";
				TEST_HOST = "$(BUILT_PRODUCTS_DIR)/Key.app/Key";
			};
			name = Release;
		};
/* End XCBuildConfiguration section */

/* Begin XCConfigurationList section */
		EFC6BE981A6857D400B0EB8F /* Build configuration list for PBXProject "Key" */ = {
			isa = XCConfigurationList;
			buildConfigurations = (
				EFC6BEBE1A6857D500B0EB8F /* Debug */,
				EFC6BEBF1A6857D500B0EB8F /* Release */,
			);
			defaultConfigurationIsVisible = 0;
			defaultConfigurationName = Release;
		};
		EFC6BEC01A6857D500B0EB8F /* Build configuration list for PBXNativeTarget "Key" */ = {
			isa = XCConfigurationList;
			buildConfigurations = (
				EFC6BEC11A6857D500B0EB8F /* Debug */,
				EFC6BEC21A6857D500B0EB8F /* Release */,
			);
			defaultConfigurationIsVisible = 0;
			defaultConfigurationName = Release;
		};
		EFC6BEC31A6857D500B0EB8F /* Build configuration list for PBXNativeTarget "KeyTests" */ = {
			isa = XCConfigurationList;
			buildConfigurations = (
				EFC6BEC41A6857D500B0EB8F /* Debug */,
				EFC6BEC51A6857D500B0EB8F /* Release */,
			);
			defaultConfigurationIsVisible = 0;
			defaultConfigurationName = Release;
		};
/* End XCConfigurationList section */
	};
	rootObject = EFC6BE951A6857D400B0EB8F /* Project object */;
}
